<?xml version="1.0" encoding="utf-8"?>
<Project ToolsVersion="4.0" xmlns="http://schemas.microsoft.com/developer/msbuild/2003">
  <ItemGroup>
    <Filter Include="Source Files">
      <UniqueIdentifier>{4FC737F1-C7A5-4376-A066-2A32D752A2FF}</UniqueIdentifier>
      <Extensions>cpp;c;cc;cxx;def;odl;idl;hpj;bat;asm;asmx</Extensions>
    </Filter>
    <Filter Include="Header Files">
      <UniqueIdentifier>{93995380-89BD-4b04-88EB-625FBE52EBFB}</UniqueIdentifier>
      <Extensions>h;hpp;hxx;hm;inl;inc;xsd</Extensions>
    </Filter>
    <Filter Include="Resource Files">
      <UniqueIdentifier>{67DA6AB6-F800-4c08-8B7A-83BB121AAD01}</UniqueIdentifier>
      <Extensions>rc;ico;cur;bmp;dlg;rc2;rct;bin;rgs;gif;jpg;jpeg;jpe;resx;tiff;tif;png;wav</Extensions>
    </Filter>
  </ItemGroup>
  <ItemGroup>
    <ClInclude Include="..\Source\cholmod_blas.h">
      <Filter>Source Files</Filter>
    </ClInclude>
    <ClInclude Include="..\Source\umf_2by2.h">
      <Filter>Source Files</Filter>
    </ClInclude>
    <ClInclude Include="..\Source\umf_analyze.h">
      <Filter>Source Files</Filter>
    </ClInclude>
    <ClInclude Include="..\Source\umf_apply_order.h">
      <Filter>Source Files</Filter>
    </ClInclude>
    <ClInclude Include="..\Source\umf_assemble.h">
      <Filter>Source Files</Filter>
    </ClInclude>
    <ClInclude Include="..\Source\umf_blas3_update.h">
      <Filter>Source Files</Filter>
    </ClInclude>
    <ClInclude Include="..\Source\umf_build_tuples.h">
      <Filter>Source Files</Filter>
    </ClInclude>
    <ClInclude Include="..\Source\umf_colamd.h">
      <Filter>Source Files</Filter>
    </ClInclude>
    <ClInclude Include="..\Source\umf_config.h">
      <Filter>Source Files</Filter>
    </ClInclude>
    <ClInclude Include="..\Source\umf_create_element.h">
      <Filter>Source Files</Filter>
    </ClInclude>
    <ClInclude Include="..\Source\umf_dump.h">
      <Filter>Source Files</Filter>
    </ClInclude>
    <ClInclude Include="..\Source\umf_extend_front.h">
      <Filter>Source Files</Filter>
    </ClInclude>
    <ClInclude Include="..\Source\umf_free.h">
      <Filter>Source Files</Filter>
    </ClInclude>
    <ClInclude Include="..\Source\umf_fsize.h">
      <Filter>Source Files</Filter>
    </ClInclude>
    <ClInclude Include="..\Source\umf_garbage_collection.h">
      <Filter>Source Files</Filter>
    </ClInclude>
    <ClInclude Include="..\Source\umf_get_memory.h">
      <Filter>Source Files</Filter>
    </ClInclude>
    <ClInclude Include="..\Source\umf_grow_front.h">
      <Filter>Source Files</Filter>
    </ClInclude>
    <ClInclude Include="..\Source\umf_init_front.h">
      <Filter>Source Files</Filter>
    </ClInclude>
    <ClInclude Include="..\Source\umf_internal.h">
      <Filter>Source Files</Filter>
    </ClInclude>
    <ClInclude Include="..\Source\umf_is_permutation.h">
      <Filter>Source Files</Filter>
    </ClInclude>
    <ClInclude Include="..\Source\umf_kernel.h">
      <Filter>Source Files</Filter>
    </ClInclude>
    <ClInclude Include="..\Source\umf_kernel_init.h">
      <Filter>Source Files</Filter>
    </ClInclude>
    <ClInclude Include="..\Source\umf_kernel_wrapup.h">
      <Filter>Source Files</Filter>
    </ClInclude>
    <ClInclude Include="..\Source\umf_local_search.h">
      <Filter>Source Files</Filter>
    </ClInclude>
    <ClInclude Include="..\Source\umf_lsolve.h">
      <Filter>Source Files</Filter>
    </ClInclude>
    <ClInclude Include="..\Source\umf_ltsolve.h">
      <Filter>Source Files</Filter>
    </ClInclude>
    <ClInclude Include="..\Source\umf_malloc.h">
      <Filter>Source Files</Filter>
    </ClInclude>
    <ClInclude Include="..\Source\umf_mem_alloc_element.h">
      <Filter>Source Files</Filter>
    </ClInclude>
    <ClInclude Include="..\Source\umf_mem_alloc_head_block.h">
      <Filter>Source Files</Filter>
    </ClInclude>
    <ClInclude Include="..\Source\umf_mem_alloc_tail_block.h">
      <Filter>Source Files</Filter>
    </ClInclude>
    <ClInclude Include="..\Source\umf_mem_free_tail_block.h">
      <Filter>Source Files</Filter>
    </ClInclude>
    <ClInclude Include="..\Source\umf_mem_init_memoryspace.h">
      <Filter>Source Files</Filter>
    </ClInclude>
    <ClInclude Include="..\Source\umf_realloc.h">
      <Filter>Source Files</Filter>
    </ClInclude>
    <ClInclude Include="..\Source\umf_report_perm.h">
      <Filter>Source Files</Filter>
    </ClInclude>
    <ClInclude Include="..\Source\umf_report_vector.h">
      <Filter>Source Files</Filter>
    </ClInclude>
    <ClInclude Include="..\Source\umf_row_search.h">
      <Filter>Source Files</Filter>
    </ClInclude>
    <ClInclude Include="..\Source\umf_scale.h">
      <Filter>Source Files</Filter>
    </ClInclude>
    <ClInclude Include="..\Source\umf_scale_column.h">
      <Filter>Source Files</Filter>
    </ClInclude>
    <ClInclude Include="..\Source\umf_set_stats.h">
      <Filter>Source Files</Filter>
    </ClInclude>
    <ClInclude Include="..\Source\umf_singletons.h">
      <Filter>Source Files</Filter>
    </ClInclude>
    <ClInclude Include="..\Source\umf_solve.h">
      <Filter>Source Files</Filter>
    </ClInclude>
    <ClInclude Include="..\Source\umf_start_front.h">
      <Filter>Source Files</Filter>
    </ClInclude>
    <ClInclude Include="..\Source\umf_store_lu.h">
      <Filter>Source Files</Filter>
    </ClInclude>
    <ClInclude Include="..\Source\umf_symbolic_usage.h">
      <Filter>Source Files</Filter>
    </ClInclude>
    <ClInclude Include="..\Source\umf_transpose.h">
      <Filter>Source Files</Filter>
    </ClInclude>
    <ClInclude Include="..\Source\umf_triplet.h">
      <Filter>Source Files</Filter>
    </ClInclude>
    <ClInclude Include="..\Source\umf_tuple_lengths.h">
      <Filter>Source Files</Filter>
    </ClInclude>
    <ClInclude Include="..\Source\umf_usolve.h">
      <Filter>Source Files</Filter>
    </ClInclude>
    <ClInclude Include="..\Source\umf_utsolve.h">
      <Filter>Source Files</Filter>
    </ClInclude>
    <ClInclude Include="..\Source\umf_valid_numeric.h">
      <Filter>Source Files</Filter>
    </ClInclude>
    <ClInclude Include="..\Source\umf_valid_symbolic.h">
      <Filter>Source Files</Filter>
    </ClInclude>
    <ClInclude Include="..\Source\umf_version.h">
      <Filter>Source Files</Filter>
    </ClInclude>
    <ClInclude Include="..\Include\umfpack.h">
      <Filter>Header Files</Filter>
    </ClInclude>
    <ClInclude Include="..\Include\umfpack_col_to_triplet.h">
      <Filter>Header Files</Filter>
    </ClInclude>
    <ClInclude Include="..\Include\umfpack_defaults.h">
      <Filter>Header Files</Filter>
    </ClInclude>
    <ClInclude Include="..\Include\umfpack_free_numeric.h">
      <Filter>Header Files</Filter>
    </ClInclude>
    <ClInclude Include="..\Include\umfpack_free_symbolic.h">
      <Filter>Header Files</Filter>
    </ClInclude>
    <ClInclude Include="..\Include\umfpack_get_determinant.h">
      <Filter>Header Files</Filter>
    </ClInclude>
    <ClInclude Include="..\Include\umfpack_get_lunz.h">
      <Filter>Header Files</Filter>
    </ClInclude>
    <ClInclude Include="..\Include\umfpack_get_numeric.h">
      <Filter>Header Files</Filter>
    </ClInclude>
    <ClInclude Include="..\Include\umfpack_get_symbolic.h">
      <Filter>Header Files</Filter>
    </ClInclude>
    <ClInclude Include="..\Include\umfpack_global.h">
      <Filter>Header Files</Filter>
    </ClInclude>
    <ClInclude Include="..\Include\umfpack_load_numeric.h">
      <Filter>Header Files</Filter>
    </ClInclude>
    <ClInclude Include="..\Include\umfpack_load_symbolic.h">
      <Filter>Header Files</Filter>
    </ClInclude>
    <ClInclude Include="..\Include\umfpack_numeric.h">
      <Filter>Header Files</Filter>
    </ClInclude>
    <ClInclude Include="..\Include\umfpack_qsymbolic.h">
      <Filter>Header Files</Filter>
    </ClInclude>
    <ClInclude Include="..\Include\umfpack_report_control.h">
      <Filter>Header Files</Filter>
    </ClInclude>
    <ClInclude Include="..\Include\umfpack_report_info.h">
      <Filter>Header Files</Filter>
    </ClInclude>
    <ClInclude Include="..\Include\umfpack_report_matrix.h">
      <Filter>Header Files</Filter>
    </ClInclude>
    <ClInclude Include="..\Include\umfpack_report_numeric.h">
      <Filter>Header Files</Filter>
    </ClInclude>
    <ClInclude Include="..\Include\umfpack_report_perm.h">
      <Filter>Header Files</Filter>
    </ClInclude>
    <ClInclude Include="..\Include\umfpack_report_status.h">
      <Filter>Header Files</Filter>
    </ClInclude>
    <ClInclude Include="..\Include\umfpack_report_symbolic.h">
      <Filter>Header Files</Filter>
    </ClInclude>
    <ClInclude Include="..\Include\umfpack_report_triplet.h">
      <Filter>Header Files</Filter>
    </ClInclude>
    <ClInclude Include="..\Include\umfpack_report_vector.h">
      <Filter>Header Files</Filter>
    </ClInclude>
    <ClInclude Include="..\Include\umfpack_save_numeric.h">
      <Filter>Header Files</Filter>
    </ClInclude>
    <ClInclude Include="..\Include\umfpack_save_symbolic.h">
      <Filter>Header Files</Filter>
    </ClInclude>
    <ClInclude Include="..\Include\umfpack_scale.h">
      <Filter>Header Files</Filter>
    </ClInclude>
    <ClInclude Include="..\Include\umfpack_solve.h">
      <Filter>Header Files</Filter>
    </ClInclude>
    <ClInclude Include="..\Include\umfpack_symbolic.h">
      <Filter>Header Files</Filter>
    </ClInclude>
    <ClInclude Include="..\Include\umfpack_tictoc.h">
      <Filter>Header Files</Filter>
    </ClInclude>
    <ClInclude Include="..\Include\umfpack_timer.h">
      <Filter>Header Files</Filter>
    </ClInclude>
    <ClInclude Include="..\Include\umfpack_transpose.h">
      <Filter>Header Files</Filter>
    </ClInclude>
    <ClInclude Include="..\Include\umfpack_triplet_to_col.h">
      <Filter>Header Files</Filter>
    </ClInclude>
    <ClInclude Include="..\Include\umfpack_wsolve.h">
      <Filter>Header Files</Filter>
    </ClInclude>
  </ItemGroup>
  <ItemGroup>
    <ClCompile Include="..\Source\umf_2by2.c">
      <Filter>Source Files</Filter>
    </ClCompile>
    <ClCompile Include="..\Source\umf_analyze.c">
      <Filter>Source Files</Filter>
    </ClCompile>
    <ClCompile Include="..\Source\umf_apply_order.c">
      <Filter>Source Files</Filter>
    </ClCompile>
    <ClCompile Include="..\Source\umf_assemble.c">
      <Filter>Source Files</Filter>
    </ClCompile>
    <ClCompile Include="..\Source\umf_blas3_update.c">
      <Filter>Source Files</Filter>
    </ClCompile>
    <ClCompile Include="..\Source\umf_build_tuples.c">
      <Filter>Source Files</Filter>
    </ClCompile>
    <ClCompile Include="..\Source\umf_colamd.c">
      <Filter>Source Files</Filter>
    </ClCompile>
    <ClCompile Include="..\Source\umf_create_element.c">
      <Filter>Source Files</Filter>
    </ClCompile>
    <ClCompile Include="..\Source\umf_dump.c">
      <Filter>Source Files</Filter>
    </ClCompile>
    <ClCompile Include="..\Source\umf_extend_front.c">
      <Filter>Source Files</Filter>
    </ClCompile>
    <ClCompile Include="..\Source\umf_free.c">
      <Filter>Source Files</Filter>
    </ClCompile>
    <ClCompile Include="..\Source\umf_fsize.c">
      <Filter>Source Files</Filter>
    </ClCompile>
    <ClCompile Include="..\Source\umf_garbage_collection.c">
      <Filter>Source Files</Filter>
    </ClCompile>
    <ClCompile Include="..\Source\umf_get_memory.c">
      <Filter>Source Files</Filter>
    </ClCompile>
    <ClCompile Include="..\Source\umf_grow_front.c">
      <Filter>Source Files</Filter>
    </ClCompile>
    <ClCompile Include="..\Source\umf_init_front.c">
      <Filter>Source Files</Filter>
    </ClCompile>
    <ClCompile Include="..\Source\umf_is_permutation.c">
      <Filter>Source Files</Filter>
    </ClCompile>
    <ClCompile Include="..\Source\umf_kernel.c">
      <Filter>Source Files</Filter>
    </ClCompile>
    <ClCompile Include="..\Source\umf_kernel_init.c">
      <Filter>Source Files</Filter>
    </ClCompile>
    <ClCompile Include="..\Source\umf_kernel_wrapup.c">
      <Filter>Source Files</Filter>
    </ClCompile>
    <ClCompile Include="..\Source\umf_local_search.c">
      <Filter>Source Files</Filter>
    </ClCompile>
    <ClCompile Include="..\Source\umf_lsolve.c">
      <Filter>Source Files</Filter>
    </ClCompile>
    <ClCompile Include="..\Source\umf_ltsolve.c">
      <Filter>Source Files</Filter>
    </ClCompile>
    <ClCompile Include="..\Source\umf_malloc.c">
      <Filter>Source Files</Filter>
    </ClCompile>
    <ClCompile Include="..\Source\umf_mem_alloc_element.c">
      <Filter>Source Files</Filter>
    </ClCompile>
    <ClCompile Include="..\Source\umf_mem_alloc_head_block.c">
      <Filter>Source Files</Filter>
    </ClCompile>
    <ClCompile Include="..\Source\umf_mem_alloc_tail_block.c">
      <Filter>Source Files</Filter>
    </ClCompile>
    <ClCompile Include="..\Source\umf_mem_free_tail_block.c">
      <Filter>Source Files</Filter>
    </ClCompile>
    <ClCompile Include="..\Source\umf_mem_init_memoryspace.c">
      <Filter>Source Files</Filter>
    </ClCompile>
    <ClCompile Include="..\Source\umf_multicompile.c">
      <Filter>Source Files</Filter>
    </ClCompile>
    <ClCompile Include="..\Source\umf_realloc.c">
      <Filter>Source Files</Filter>
    </ClCompile>
    <ClCompile Include="..\Source\umf_report_perm.c">
      <Filter>Source Files</Filter>
    </ClCompile>
    <ClCompile Include="..\Source\umf_report_vector.c">
      <Filter>Source Files</Filter>
    </ClCompile>
    <ClCompile Include="..\Source\umf_row_search.c">
      <Filter>Source Files</Filter>
    </ClCompile>
    <ClCompile Include="..\Source\umf_scale.c">
      <Filter>Source Files</Filter>
    </ClCompile>
    <ClCompile Include="..\Source\umf_scale_column.c">
      <Filter>Source Files</Filter>
    </ClCompile>
    <ClCompile Include="..\Source\umf_set_stats.c">
      <Filter>Source Files</Filter>
    </ClCompile>
    <ClCompile Include="..\Source\umf_singletons.c">
      <Filter>Source Files</Filter>
    </ClCompile>
    <ClCompile Include="..\Source\umf_solve.c">
      <Filter>Source Files</Filter>
    </ClCompile>
    <ClCompile Include="..\Source\umf_start_front.c">
      <Filter>Source Files</Filter>
    </ClCompile>
    <ClCompile Include="..\Source\umf_store_lu.c">
      <Filter>Source Files</Filter>
    </ClCompile>
    <ClCompile Include="..\Source\umf_symbolic_usage.c">
      <Filter>Source Files</Filter>
    </ClCompile>
    <ClCompile Include="..\Source\umf_transpose.c">
      <Filter>Source Files</Filter>
    </ClCompile>
    <ClCompile Include="..\Source\umf_triplet.c">
      <Filter>Source Files</Filter>
    </ClCompile>
    <ClCompile Include="..\Source\umf_tuple_lengths.c">
      <Filter>Source Files</Filter>
    </ClCompile>
    <ClCompile Include="..\Source\umf_usolve.c">
      <Filter>Source Files</Filter>
    </ClCompile>
    <ClCompile Include="..\Source\umf_utsolve.c">
      <Filter>Source Files</Filter>
    </ClCompile>
    <ClCompile Include="..\Source\umf_valid_numeric.c">
      <Filter>Source Files</Filter>
    </ClCompile>
    <ClCompile Include="..\Source\umf_valid_symbolic.c">
      <Filter>Source Files</Filter>
    </ClCompile>
    <ClCompile Include="..\Source\umfpack_col_to_triplet.c">
      <Filter>Source Files</Filter>
    </ClCompile>
    <ClCompile Include="..\Source\umfpack_defaults.c">
      <Filter>Source Files</Filter>
    </ClCompile>
    <ClCompile Include="..\Source\umfpack_free_numeric.c">
      <Filter>Source Files</Filter>
    </ClCompile>
    <ClCompile Include="..\Source\umfpack_free_symbolic.c">
      <Filter>Source Files</Filter>
    </ClCompile>
    <ClCompile Include="..\Source\umfpack_get_determinant.c">
      <Filter>Source Files</Filter>
    </ClCompile>
    <ClCompile Include="..\Source\umfpack_get_lunz.c">
      <Filter>Source Files</Filter>
    </ClCompile>
    <ClCompile Include="..\Source\umfpack_get_numeric.c">
      <Filter>Source Files</Filter>
    </ClCompile>
    <ClCompile Include="..\Source\umfpack_get_symbolic.c">
      <Filter>Source Files</Filter>
    </ClCompile>
    <ClCompile Include="..\Source\umfpack_global.c">
      <Filter>Source Files</Filter>
    </ClCompile>
    <ClCompile Include="..\Source\umfpack_load_numeric.c">
      <Filter>Source Files</Filter>
    </ClCompile>
    <ClCompile Include="..\Source\umfpack_load_symbolic.c">
      <Filter>Source Files</Filter>
    </ClCompile>
    <ClCompile Include="..\Source\umfpack_numeric.c">
      <Filter>Source Files</Filter>
    </ClCompile>
    <ClCompile Include="..\Source\umfpack_qsymbolic.c">
      <Filter>Source Files</Filter>
    </ClCompile>
    <ClCompile Include="..\Source\umfpack_report_control.c">
      <Filter>Source Files</Filter>
    </ClCompile>
    <ClCompile Include="..\Source\umfpack_report_info.c">
      <Filter>Source Files</Filter>
    </ClCompile>
    <ClCompile Include="..\Source\umfpack_report_matrix.c">
      <Filter>Source Files</Filter>
    </ClCompile>
    <ClCompile Include="..\Source\umfpack_report_numeric.c">
      <Filter>Source Files</Filter>
    </ClCompile>
    <ClCompile Include="..\Source\umfpack_report_perm.c">
      <Filter>Source Files</Filter>
    </ClCompile>
    <ClCompile Include="..\Source\umfpack_report_status.c">
      <Filter>Source Files</Filter>
    </ClCompile>
    <ClCompile Include="..\Source\umfpack_report_symbolic.c">
      <Filter>Source Files</Filter>
    </ClCompile>
    <ClCompile Include="..\Source\umfpack_report_triplet.c">
      <Filter>Source Files</Filter>
    </ClCompile>
    <ClCompile Include="..\Source\umfpack_report_vector.c">
      <Filter>Source Files</Filter>
    </ClCompile>
    <ClCompile Include="..\Source\umfpack_save_numeric.c">
      <Filter>Source Files</Filter>
    </ClCompile>
    <ClCompile Include="..\Source\umfpack_save_symbolic.c">
      <Filter>Source Files</Filter>
    </ClCompile>
    <ClCompile Include="..\Source\umfpack_scale.c">
      <Filter>Source Files</Filter>
    </ClCompile>
    <ClCompile Include="..\Source\umfpack_solve.c">
      <Filter>Source Files</Filter>
    </ClCompile>
    <ClCompile Include="..\Source\umfpack_symbolic.c">
      <Filter>Source Files</Filter>
    </ClCompile>
    <ClCompile Include="..\Source\umfpack_tictoc.c">
      <Filter>Source Files</Filter>
    </ClCompile>
    <ClCompile Include="..\Source\umfpack_timer.c">
      <Filter>Source Files</Filter>
    </ClCompile>
    <ClCompile Include="..\Source\umfpack_transpose.c">
      <Filter>Source Files</Filter>
    </ClCompile>
    <ClCompile Include="..\Source\umfpack_triplet_to_col.c">
      <Filter>Source Files</Filter>
    </ClCompile>
  </ItemGroup>
  <ItemGroup>
    <None Include="ReadMe.txt" />
  </ItemGroup>
</Project>