<?xml version="1.0" encoding="utf-8"?>
<Project ToolsVersion="4.0" xmlns="http://schemas.microsoft.com/developer/msbuild/2003">
  <ItemGroup>
    <Filter Include="Source Files">
      <UniqueIdentifier>{4FC737F1-C7A5-4376-A066-2A32D752A2FF}</UniqueIdentifier>
      <Extensions>cpp;c;cc;cxx;def;odl;idl;hpj;bat;asm;asmx</Extensions>
    </Filter>
    <Filter Include="Header Files">
      <UniqueIdentifier>{93995380-89BD-4b04-88EB-625FBE52EBFB}</UniqueIdentifier>
      <Extensions>h;hpp;hxx;hm;inl;inc;xsd</Extensions>
    </Filter>
    <Filter Include="Resource Files">
      <UniqueIdentifier>{67DA6AB6-F800-4c08-8B7A-83BB121AAD01}</UniqueIdentifier>
      <Extensions>rc;ico;cur;bmp;dlg;rc2;rct;bin;rgs;gif;jpg;jpeg;jpe;resx;tiff;tif;png;wav</Extensions>
    </Filter>
  </ItemGroup>
  <ItemGroup>
    <ClCompile Include="..\_demo_autogk_singular.cpp">
      <Filter>Source Files</Filter>
    </ClCompile>
    <ClCompile Include="..\_demo_autogk_smooth.cpp">
      <Filter>Source Files</Filter>
    </ClCompile>
    <ClCompile Include="..\_demo_lsfit_linear.cpp">
      <Filter>Source Files</Filter>
    </ClCompile>
    <ClCompile Include="..\_demo_lsfit_nonlinear.cpp">
      <Filter>Source Files</Filter>
    </ClCompile>
    <ClCompile Include="..\_demo_lsfit_nonlinear2.cpp">
      <Filter>Source Files</Filter>
    </ClCompile>
    <ClCompile Include="..\_demo_minasa_1.cpp">
      <Filter>Source Files</Filter>
    </ClCompile>
    <ClCompile Include="..\_demo_minasa_2.cpp">
      <Filter>Source Files</Filter>
    </ClCompile>
    <ClCompile Include="..\_demo_mincg_1.cpp">
      <Filter>Source Files</Filter>
    </ClCompile>
    <ClCompile Include="..\_demo_mincg_2.cpp">
      <Filter>Source Files</Filter>
    </ClCompile>
    <ClCompile Include="..\_demo_minlbfgs_1.cpp">
      <Filter>Source Files</Filter>
    </ClCompile>
    <ClCompile Include="..\_demo_minlbfgs_2.cpp">
      <Filter>Source Files</Filter>
    </ClCompile>
    <ClCompile Include="..\_demo_minlm_fgh.cpp">
      <Filter>Source Files</Filter>
    </ClCompile>
    <ClCompile Include="..\_demo_minlm_fgj.cpp">
      <Filter>Source Files</Filter>
    </ClCompile>
    <ClCompile Include="..\_demo_minlm_fj.cpp">
      <Filter>Source Files</Filter>
    </ClCompile>
    <ClCompile Include="..\_demo_minlm_fj2.cpp">
      <Filter>Source Files</Filter>
    </ClCompile>
    <ClCompile Include="..\_demo_mlp_process.cpp">
      <Filter>Source Files</Filter>
    </ClCompile>
    <ClCompile Include="..\_demo_mlp_process_cls.cpp">
      <Filter>Source Files</Filter>
    </ClCompile>
    <ClCompile Include="..\_demo_mlp_randomize.cpp">
      <Filter>Source Files</Filter>
    </ClCompile>
    <ClCompile Include="..\_demo_mlp_serialize.cpp">
      <Filter>Source Files</Filter>
    </ClCompile>
    <ClCompile Include="..\_demo_ode_example1.cpp">
      <Filter>Source Files</Filter>
    </ClCompile>
    <ClCompile Include="..\_demo_ode_example2.cpp">
      <Filter>Source Files</Filter>
    </ClCompile>
    <ClCompile Include="..\_demo_polint_cheb1.cpp">
      <Filter>Source Files</Filter>
    </ClCompile>
    <ClCompile Include="..\_demo_polint_cheb2.cpp">
      <Filter>Source Files</Filter>
    </ClCompile>
    <ClCompile Include="..\_demo_polint_eqdist.cpp">
      <Filter>Source Files</Filter>
    </ClCompile>
    <ClCompile Include="..\_demo_polint_fit.cpp">
      <Filter>Source Files</Filter>
    </ClCompile>
    <ClCompile Include="..\_demo_polint_gen.cpp">
      <Filter>Source Files</Filter>
    </ClCompile>
    <ClCompile Include="..\_demo_ratint_fit.cpp">
      <Filter>Source Files</Filter>
    </ClCompile>
    <ClCompile Include="..\_demo_rcond_1.cpp">
      <Filter>Source Files</Filter>
    </ClCompile>
    <ClCompile Include="..\_demo_spline1d_calc.cpp">
      <Filter>Source Files</Filter>
    </ClCompile>
    <ClCompile Include="..\_demo_spline1d_cubic.cpp">
      <Filter>Source Files</Filter>
    </ClCompile>
    <ClCompile Include="..\_demo_spline1d_fit.cpp">
      <Filter>Source Files</Filter>
    </ClCompile>
    <ClCompile Include="..\_demo_spline1d_fitc.cpp">
      <Filter>Source Files</Filter>
    </ClCompile>
    <ClCompile Include="..\_demo_spline1d_hermite.cpp">
      <Filter>Source Files</Filter>
    </ClCompile>
    <ClCompile Include="..\_demo_spline1d_linear.cpp">
      <Filter>Source Files</Filter>
    </ClCompile>
    <ClCompile Include="..\_run_llstestunit.cpp">
      <Filter>Source Files</Filter>
    </ClCompile>
    <ClCompile Include="..\_run_short_llstestunit.cpp">
      <Filter>Source Files</Filter>
    </ClCompile>
    <ClCompile Include="..\_run_short_testablasunit.cpp">
      <Filter>Source Files</Filter>
    </ClCompile>
    <ClCompile Include="..\_run_short_testasa.cpp">
      <Filter>Source Files</Filter>
    </ClCompile>
    <ClCompile Include="..\_run_short_testautogk.cpp">
      <Filter>Source Files</Filter>
    </ClCompile>
    <ClCompile Include="..\_run_short_testbdssunit.cpp">
      <Filter>Source Files</Filter>
    </ClCompile>
    <ClCompile Include="..\_run_short_testbdsvdunit.cpp">
      <Filter>Source Files</Filter>
    </ClCompile>
    <ClCompile Include="..\_run_short_testblasunit.cpp">
      <Filter>Source Files</Filter>
    </ClCompile>
    <ClCompile Include="..\_run_short_testchebyshevunit.cpp">
      <Filter>Source Files</Filter>
    </ClCompile>
    <ClCompile Include="..\_run_short_testconvunit.cpp">
      <Filter>Source Files</Filter>
    </ClCompile>
    <ClCompile Include="..\_run_short_testcorrunit.cpp">
      <Filter>Source Files</Filter>
    </ClCompile>
    <ClCompile Include="..\_run_short_testcreflunit.cpp">
      <Filter>Source Files</Filter>
    </ClCompile>
    <ClCompile Include="..\_run_short_testdensesolverunit.cpp">
      <Filter>Source Files</Filter>
    </ClCompile>
    <ClCompile Include="..\_run_short_testevdunit.cpp">
      <Filter>Source Files</Filter>
    </ClCompile>
    <ClCompile Include="..\_run_short_testfftunit.cpp">
      <Filter>Source Files</Filter>
    </ClCompile>
    <ClCompile Include="..\_run_short_testfhtunit.cpp">
      <Filter>Source Files</Filter>
    </ClCompile>
    <ClCompile Include="..\_run_short_testforestunit.cpp">
      <Filter>Source Files</Filter>
    </ClCompile>
    <ClCompile Include="..\_run_short_testgammaunit.cpp">
      <Filter>Source Files</Filter>
    </ClCompile>
    <ClCompile Include="..\_run_short_testgkq.cpp">
      <Filter>Source Files</Filter>
    </ClCompile>
    <ClCompile Include="..\_run_short_testgq.cpp">
      <Filter>Source Files</Filter>
    </ClCompile>
    <ClCompile Include="..\_run_short_testhblasunit.cpp">
      <Filter>Source Files</Filter>
    </ClCompile>
    <ClCompile Include="..\_run_short_testhermiteunit.cpp">
      <Filter>Source Files</Filter>
    </ClCompile>
    <ClCompile Include="..\_run_short_testhqrndunit.cpp">
      <Filter>Source Files</Filter>
    </ClCompile>
    <ClCompile Include="..\_run_short_testidwunit.cpp">
      <Filter>Source Files</Filter>
    </ClCompile>
    <ClCompile Include="..\_run_short_testinverseupdateunit.cpp">
      <Filter>Source Files</Filter>
    </ClCompile>
    <ClCompile Include="..\_run_short_testinvldltunit.cpp">
      <Filter>Source Files</Filter>
    </ClCompile>
    <ClCompile Include="..\_run_short_testkmeansunit.cpp">
      <Filter>Source Files</Filter>
    </ClCompile>
    <ClCompile Include="..\_run_short_testlaguerreunit.cpp">
      <Filter>Source Files</Filter>
    </ClCompile>
    <ClCompile Include="..\_run_short_testldaunit.cpp">
      <Filter>Source Files</Filter>
    </ClCompile>
    <ClCompile Include="..\_run_short_testldltunit.cpp">
      <Filter>Source Files</Filter>
    </ClCompile>
    <ClCompile Include="..\_run_short_testlegendreunit.cpp">
      <Filter>Source Files</Filter>
    </ClCompile>
    <ClCompile Include="..\_run_short_testlinminunit.cpp">
      <Filter>Source Files</Filter>
    </ClCompile>
    <ClCompile Include="..\_run_short_testmatgenunit.cpp">
      <Filter>Source Files</Filter>
    </ClCompile>
    <ClCompile Include="..\_run_short_testmatinvunit.cpp">
      <Filter>Source Files</Filter>
    </ClCompile>
    <ClCompile Include="..\_run_short_testmincgunit.cpp">
      <Filter>Source Files</Filter>
    </ClCompile>
    <ClCompile Include="..\_run_short_testminlbfgsunit.cpp">
      <Filter>Source Files</Filter>
    </ClCompile>
    <ClCompile Include="..\_run_short_testminlmunit.cpp">
      <Filter>Source Files</Filter>
    </ClCompile>
    <ClCompile Include="..\_run_short_testmlpeunit.cpp">
      <Filter>Source Files</Filter>
    </ClCompile>
    <ClCompile Include="..\_run_short_testmlpunit.cpp">
      <Filter>Source Files</Filter>
    </ClCompile>
    <ClCompile Include="..\_run_short_testnearestneighborunit.cpp">
      <Filter>Source Files</Filter>
    </ClCompile>
    <ClCompile Include="..\_run_short_testodesolverunit.cpp">
      <Filter>Source Files</Filter>
    </ClCompile>
    <ClCompile Include="..\_run_short_testortfacunit.cpp">
      <Filter>Source Files</Filter>
    </ClCompile>
    <ClCompile Include="..\_run_short_testpcaunit.cpp">
      <Filter>Source Files</Filter>
    </ClCompile>
    <ClCompile Include="..\_run_short_testpolintunit.cpp">
      <Filter>Source Files</Filter>
    </ClCompile>
    <ClCompile Include="..\_run_short_testratinterpolation.cpp">
      <Filter>Source Files</Filter>
    </ClCompile>
    <ClCompile Include="..\_run_short_testrcondldltunit.cpp">
      <Filter>Source Files</Filter>
    </ClCompile>
    <ClCompile Include="..\_run_short_testrcondunit.cpp">
      <Filter>Source Files</Filter>
    </ClCompile>
    <ClCompile Include="..\_run_short_testreflectionsunit.cpp">
      <Filter>Source Files</Filter>
    </ClCompile>
    <ClCompile Include="..\_run_short_testregressunit.cpp">
      <Filter>Source Files</Filter>
    </ClCompile>
    <ClCompile Include="..\_run_short_testsafesolveunit.cpp">
      <Filter>Source Files</Filter>
    </ClCompile>
    <ClCompile Include="..\_run_short_testsblasunit.cpp">
      <Filter>Source Files</Filter>
    </ClCompile>
    <ClCompile Include="..\_run_short_testschurunit.cpp">
      <Filter>Source Files</Filter>
    </ClCompile>
    <ClCompile Include="..\_run_short_testspdgevdunit.cpp">
      <Filter>Source Files</Filter>
    </ClCompile>
    <ClCompile Include="..\_run_short_testspline1dunit.cpp">
      <Filter>Source Files</Filter>
    </ClCompile>
    <ClCompile Include="..\_run_short_testspline2dunit.cpp">
      <Filter>Source Files</Filter>
    </ClCompile>
    <ClCompile Include="..\_run_short_testsstunit.cpp">
      <Filter>Source Files</Filter>
    </ClCompile>
    <ClCompile Include="..\_run_short_testsvdunit.cpp">
      <Filter>Source Files</Filter>
    </ClCompile>
    <ClCompile Include="..\_run_short_testtrfacunit.cpp">
      <Filter>Source Files</Filter>
    </ClCompile>
    <ClCompile Include="..\_run_short_testtsortunit.cpp">
      <Filter>Source Files</Filter>
    </ClCompile>
    <ClCompile Include="..\_run_short_testxblasunit.cpp">
      <Filter>Source Files</Filter>
    </ClCompile>
    <ClCompile Include="..\_run_silent_llstestunit.cpp">
      <Filter>Source Files</Filter>
    </ClCompile>
    <ClCompile Include="..\_run_silent_testablasunit.cpp">
      <Filter>Source Files</Filter>
    </ClCompile>
    <ClCompile Include="..\_run_silent_testasa.cpp">
      <Filter>Source Files</Filter>
    </ClCompile>
    <ClCompile Include="..\_run_silent_testautogk.cpp">
      <Filter>Source Files</Filter>
    </ClCompile>
    <ClCompile Include="..\_run_silent_testbdssunit.cpp">
      <Filter>Source Files</Filter>
    </ClCompile>
    <ClCompile Include="..\_run_silent_testbdsvdunit.cpp">
      <Filter>Source Files</Filter>
    </ClCompile>
    <ClCompile Include="..\_run_silent_testblasunit.cpp">
      <Filter>Source Files</Filter>
    </ClCompile>
    <ClCompile Include="..\_run_silent_testchebyshevunit.cpp">
      <Filter>Source Files</Filter>
    </ClCompile>
    <ClCompile Include="..\_run_silent_testconvunit.cpp">
      <Filter>Source Files</Filter>
    </ClCompile>
    <ClCompile Include="..\_run_silent_testcorrunit.cpp">
      <Filter>Source Files</Filter>
    </ClCompile>
    <ClCompile Include="..\_run_silent_testcreflunit.cpp">
      <Filter>Source Files</Filter>
    </ClCompile>
    <ClCompile Include="..\_run_silent_testdensesolverunit.cpp">
      <Filter>Source Files</Filter>
    </ClCompile>
    <ClCompile Include="..\_run_silent_testevdunit.cpp">
      <Filter>Source Files</Filter>
    </ClCompile>
    <ClCompile Include="..\_run_silent_testfftunit.cpp">
      <Filter>Source Files</Filter>
    </ClCompile>
    <ClCompile Include="..\_run_silent_testfhtunit.cpp">
      <Filter>Source Files</Filter>
    </ClCompile>
    <ClCompile Include="..\_run_silent_testforestunit.cpp">
      <Filter>Source Files</Filter>
    </ClCompile>
    <ClCompile Include="..\_run_silent_testgammaunit.cpp">
      <Filter>Source Files</Filter>
    </ClCompile>
    <ClCompile Include="..\_run_silent_testgkq.cpp">
      <Filter>Source Files</Filter>
    </ClCompile>
    <ClCompile Include="..\_run_silent_testgq.cpp">
      <Filter>Source Files</Filter>
    </ClCompile>
    <ClCompile Include="..\_run_silent_testhblasunit.cpp">
      <Filter>Source Files</Filter>
    </ClCompile>
    <ClCompile Include="..\_run_silent_testhermiteunit.cpp">
      <Filter>Source Files</Filter>
    </ClCompile>
    <ClCompile Include="..\_run_silent_testhqrndunit.cpp">
      <Filter>Source Files</Filter>
    </ClCompile>
    <ClCompile Include="..\_run_silent_testidwunit.cpp">
      <Filter>Source Files</Filter>
    </ClCompile>
    <ClCompile Include="..\_run_silent_testinverseupdateunit.cpp">
      <Filter>Source Files</Filter>
    </ClCompile>
    <ClCompile Include="..\_run_silent_testinvldltunit.cpp">
      <Filter>Source Files</Filter>
    </ClCompile>
    <ClCompile Include="..\_run_silent_testkmeansunit.cpp">
      <Filter>Source Files</Filter>
    </ClCompile>
    <ClCompile Include="..\_run_silent_testlaguerreunit.cpp">
      <Filter>Source Files</Filter>
    </ClCompile>
    <ClCompile Include="..\_run_silent_testldaunit.cpp">
      <Filter>Source Files</Filter>
    </ClCompile>
    <ClCompile Include="..\_run_silent_testldltunit.cpp">
      <Filter>Source Files</Filter>
    </ClCompile>
    <ClCompile Include="..\_run_silent_testlegendreunit.cpp">
      <Filter>Source Files</Filter>
    </ClCompile>
    <ClCompile Include="..\_run_silent_testlinminunit.cpp">
      <Filter>Source Files</Filter>
    </ClCompile>
    <ClCompile Include="..\_run_silent_testmatgenunit.cpp">
      <Filter>Source Files</Filter>
    </ClCompile>
    <ClCompile Include="..\_run_silent_testmatinvunit.cpp">
      <Filter>Source Files</Filter>
    </ClCompile>
    <ClCompile Include="..\_run_silent_testmincgunit.cpp">
      <Filter>Source Files</Filter>
    </ClCompile>
    <ClCompile Include="..\_run_silent_testminlbfgsunit.cpp">
      <Filter>Source Files</Filter>
    </ClCompile>
    <ClCompile Include="..\_run_silent_testminlmunit.cpp">
      <Filter>Source Files</Filter>
    </ClCompile>
    <ClCompile Include="..\_run_silent_testmlpeunit.cpp">
      <Filter>Source Files</Filter>
    </ClCompile>
    <ClCompile Include="..\_run_silent_testmlpunit.cpp">
      <Filter>Source Files</Filter>
    </ClCompile>
    <ClCompile Include="..\_run_silent_testnearestneighborunit.cpp">
      <Filter>Source Files</Filter>
    </ClCompile>
    <ClCompile Include="..\_run_silent_testodesolverunit.cpp">
      <Filter>Source Files</Filter>
    </ClCompile>
    <ClCompile Include="..\_run_silent_testortfacunit.cpp">
      <Filter>Source Files</Filter>
    </ClCompile>
    <ClCompile Include="..\_run_silent_testpcaunit.cpp">
      <Filter>Source Files</Filter>
    </ClCompile>
    <ClCompile Include="..\_run_silent_testpolintunit.cpp">
      <Filter>Source Files</Filter>
    </ClCompile>
    <ClCompile Include="..\_run_silent_testratinterpolation.cpp">
      <Filter>Source Files</Filter>
    </ClCompile>
    <ClCompile Include="..\_run_silent_testrcondldltunit.cpp">
      <Filter>Source Files</Filter>
    </ClCompile>
    <ClCompile Include="..\_run_silent_testrcondunit.cpp">
      <Filter>Source Files</Filter>
    </ClCompile>
    <ClCompile Include="..\_run_silent_testreflectionsunit.cpp">
      <Filter>Source Files</Filter>
    </ClCompile>
    <ClCompile Include="..\_run_silent_testregressunit.cpp">
      <Filter>Source Files</Filter>
    </ClCompile>
    <ClCompile Include="..\_run_silent_testsafesolveunit.cpp">
      <Filter>Source Files</Filter>
    </ClCompile>
    <ClCompile Include="..\_run_silent_testsblasunit.cpp">
      <Filter>Source Files</Filter>
    </ClCompile>
    <ClCompile Include="..\_run_silent_testschurunit.cpp">
      <Filter>Source Files</Filter>
    </ClCompile>
    <ClCompile Include="..\_run_silent_testspdgevdunit.cpp">
      <Filter>Source Files</Filter>
    </ClCompile>
    <ClCompile Include="..\_run_silent_testspline1dunit.cpp">
      <Filter>Source Files</Filter>
    </ClCompile>
    <ClCompile Include="..\_run_silent_testspline2dunit.cpp">
      <Filter>Source Files</Filter>
    </ClCompile>
    <ClCompile Include="..\_run_silent_testsstunit.cpp">
      <Filter>Source Files</Filter>
    </ClCompile>
    <ClCompile Include="..\_run_silent_testsvdunit.cpp">
      <Filter>Source Files</Filter>
    </ClCompile>
    <ClCompile Include="..\_run_silent_testtrfacunit.cpp">
      <Filter>Source Files</Filter>
    </ClCompile>
    <ClCompile Include="..\_run_silent_testtsortunit.cpp">
      <Filter>Source Files</Filter>
    </ClCompile>
    <ClCompile Include="..\_run_silent_testxblasunit.cpp">
      <Filter>Source Files</Filter>
    </ClCompile>
    <ClCompile Include="..\_run_testablasunit.cpp">
      <Filter>Source Files</Filter>
    </ClCompile>
    <ClCompile Include="..\_run_testasa.cpp">
      <Filter>Source Files</Filter>
    </ClCompile>
    <ClCompile Include="..\_run_testautogk.cpp">
      <Filter>Source Files</Filter>
    </ClCompile>
    <ClCompile Include="..\_run_testbdssunit.cpp">
      <Filter>Source Files</Filter>
    </ClCompile>
    <ClCompile Include="..\_run_testbdsvdunit.cpp">
      <Filter>Source Files</Filter>
    </ClCompile>
    <ClCompile Include="..\_run_testblasunit.cpp">
      <Filter>Source Files</Filter>
    </ClCompile>
    <ClCompile Include="..\_run_testchebyshevunit.cpp">
      <Filter>Source Files</Filter>
    </ClCompile>
    <ClCompile Include="..\_run_testconvunit.cpp">
      <Filter>Source Files</Filter>
    </ClCompile>
    <ClCompile Include="..\_run_testcorrunit.cpp">
      <Filter>Source Files</Filter>
    </ClCompile>
    <ClCompile Include="..\_run_testcreflunit.cpp">
      <Filter>Source Files</Filter>
    </ClCompile>
    <ClCompile Include="..\_run_testdensesolverunit.cpp">
      <Filter>Source Files</Filter>
    </ClCompile>
    <ClCompile Include="..\_run_testevdunit.cpp">
      <Filter>Source Files</Filter>
    </ClCompile>
    <ClCompile Include="..\_run_testfftunit.cpp">
      <Filter>Source Files</Filter>
    </ClCompile>
    <ClCompile Include="..\_run_testfhtunit.cpp">
      <Filter>Source Files</Filter>
    </ClCompile>
    <ClCompile Include="..\_run_testforestunit.cpp">
      <Filter>Source Files</Filter>
    </ClCompile>
    <ClCompile Include="..\_run_testgammaunit.cpp">
      <Filter>Source Files</Filter>
    </ClCompile>
    <ClCompile Include="..\_run_testgkq.cpp">
      <Filter>Source Files</Filter>
    </ClCompile>
    <ClCompile Include="..\_run_testgq.cpp">
      <Filter>Source Files</Filter>
    </ClCompile>
    <ClCompile Include="..\_run_testhblasunit.cpp">
      <Filter>Source Files</Filter>
    </ClCompile>
    <ClCompile Include="..\_run_testhermiteunit.cpp">
      <Filter>Source Files</Filter>
    </ClCompile>
    <ClCompile Include="..\_run_testhqrndunit.cpp">
      <Filter>Source Files</Filter>
    </ClCompile>
    <ClCompile Include="..\_run_testidwunit.cpp">
      <Filter>Source Files</Filter>
    </ClCompile>
    <ClCompile Include="..\_run_testinverseupdateunit.cpp">
      <Filter>Source Files</Filter>
    </ClCompile>
    <ClCompile Include="..\_run_testinvldltunit.cpp">
      <Filter>Source Files</Filter>
    </ClCompile>
    <ClCompile Include="..\_run_testkmeansunit.cpp">
      <Filter>Source Files</Filter>
    </ClCompile>
    <ClCompile Include="..\_run_testlaguerreunit.cpp">
      <Filter>Source Files</Filter>
    </ClCompile>
    <ClCompile Include="..\_run_testldaunit.cpp">
      <Filter>Source Files</Filter>
    </ClCompile>
    <ClCompile Include="..\_run_testldltunit.cpp">
      <Filter>Source Files</Filter>
    </ClCompile>
    <ClCompile Include="..\_run_testlegendreunit.cpp">
      <Filter>Source Files</Filter>
    </ClCompile>
    <ClCompile Include="..\_run_testlinminunit.cpp">
      <Filter>Source Files</Filter>
    </ClCompile>
    <ClCompile Include="..\_run_testmatgenunit.cpp">
      <Filter>Source Files</Filter>
    </ClCompile>
    <ClCompile Include="..\_run_testmatinvunit.cpp">
      <Filter>Source Files</Filter>
    </ClCompile>
    <ClCompile Include="..\_run_testmincgunit.cpp">
      <Filter>Source Files</Filter>
    </ClCompile>
    <ClCompile Include="..\_run_testminlbfgsunit.cpp">
      <Filter>Source Files</Filter>
    </ClCompile>
    <ClCompile Include="..\_run_testminlmunit.cpp">
      <Filter>Source Files</Filter>
    </ClCompile>
    <ClCompile Include="..\_run_testmlpeunit.cpp">
      <Filter>Source Files</Filter>
    </ClCompile>
    <ClCompile Include="..\_run_testmlpunit.cpp">
      <Filter>Source Files</Filter>
    </ClCompile>
    <ClCompile Include="..\_run_testnearestneighborunit.cpp">
      <Filter>Source Files</Filter>
    </ClCompile>
    <ClCompile Include="..\_run_testodesolverunit.cpp">
      <Filter>Source Files</Filter>
    </ClCompile>
    <ClCompile Include="..\_run_testortfacunit.cpp">
      <Filter>Source Files</Filter>
    </ClCompile>
    <ClCompile Include="..\_run_testpcaunit.cpp">
      <Filter>Source Files</Filter>
    </ClCompile>
    <ClCompile Include="..\_run_testpolintunit.cpp">
      <Filter>Source Files</Filter>
    </ClCompile>
    <ClCompile Include="..\_run_testratinterpolation.cpp">
      <Filter>Source Files</Filter>
    </ClCompile>
    <ClCompile Include="..\_run_testrcondldltunit.cpp">
      <Filter>Source Files</Filter>
    </ClCompile>
    <ClCompile Include="..\_run_testrcondunit.cpp">
      <Filter>Source Files</Filter>
    </ClCompile>
    <ClCompile Include="..\_run_testreflectionsunit.cpp">
      <Filter>Source Files</Filter>
    </ClCompile>
    <ClCompile Include="..\_run_testregressunit.cpp">
      <Filter>Source Files</Filter>
    </ClCompile>
    <ClCompile Include="..\_run_testsafesolveunit.cpp">
      <Filter>Source Files</Filter>
    </ClCompile>
    <ClCompile Include="..\_run_testsblasunit.cpp">
      <Filter>Source Files</Filter>
    </ClCompile>
    <ClCompile Include="..\_run_testschurunit.cpp">
      <Filter>Source Files</Filter>
    </ClCompile>
    <ClCompile Include="..\_run_testspdgevdunit.cpp">
      <Filter>Source Files</Filter>
    </ClCompile>
    <ClCompile Include="..\_run_testspline1dunit.cpp">
      <Filter>Source Files</Filter>
    </ClCompile>
    <ClCompile Include="..\_run_testspline2dunit.cpp">
      <Filter>Source Files</Filter>
    </ClCompile>
    <ClCompile Include="..\_run_testsstunit.cpp">
      <Filter>Source Files</Filter>
    </ClCompile>
    <ClCompile Include="..\_run_testsvdunit.cpp">
      <Filter>Source Files</Filter>
    </ClCompile>
    <ClCompile Include="..\_run_testtrfacunit.cpp">
      <Filter>Source Files</Filter>
    </ClCompile>
    <ClCompile Include="..\_run_testtsortunit.cpp">
      <Filter>Source Files</Filter>
    </ClCompile>
    <ClCompile Include="..\_run_testxblasunit.cpp">
      <Filter>Source Files</Filter>
    </ClCompile>
    <ClCompile Include="..\ablas.cpp">
      <Filter>Source Files</Filter>
    </ClCompile>
    <ClCompile Include="..\ablasf.cpp">
      <Filter>Source Files</Filter>
    </ClCompile>
    <ClCompile Include="..\airyf.cpp">
      <Filter>Source Files</Filter>
    </ClCompile>
    <ClCompile Include="..\ap.cpp">
      <Filter>Source Files</Filter>
    </ClCompile>
    <ClCompile Include="..\autogk.cpp">
      <Filter>Source Files</Filter>
    </ClCompile>
    <ClCompile Include="..\bdss.cpp">
      <Filter>Source Files</Filter>
    </ClCompile>
    <ClCompile Include="..\bdsvd.cpp">
      <Filter>Source Files</Filter>
    </ClCompile>
    <ClCompile Include="..\bessel.cpp">
      <Filter>Source Files</Filter>
    </ClCompile>
    <ClCompile Include="..\betaf.cpp">
      <Filter>Source Files</Filter>
    </ClCompile>
    <ClCompile Include="..\binomialdistr.cpp">
      <Filter>Source Files</Filter>
    </ClCompile>
    <ClCompile Include="..\blas.cpp">
      <Filter>Source Files</Filter>
    </ClCompile>
    <ClCompile Include="..\chebyshev.cpp">
      <Filter>Source Files</Filter>
    </ClCompile>
    <ClCompile Include="..\chisquaredistr.cpp">
      <Filter>Source Files</Filter>
    </ClCompile>
    <ClCompile Include="..\conv.cpp">
      <Filter>Source Files</Filter>
    </ClCompile>
    <ClCompile Include="..\corr.cpp">
      <Filter>Source Files</Filter>
    </ClCompile>
    <ClCompile Include="..\correlation.cpp">
      <Filter>Source Files</Filter>
    </ClCompile>
    <ClCompile Include="..\correlationtests.cpp">
      <Filter>Source Files</Filter>
    </ClCompile>
    <ClCompile Include="..\creflections.cpp">
      <Filter>Source Files</Filter>
    </ClCompile>
    <ClCompile Include="..\dawson.cpp">
      <Filter>Source Files</Filter>
    </ClCompile>
    <ClCompile Include="..\densesolver.cpp">
      <Filter>Source Files</Filter>
    </ClCompile>
    <ClCompile Include="..\descriptivestatistics.cpp">
      <Filter>Source Files</Filter>
    </ClCompile>
    <ClCompile Include="..\dforest.cpp">
      <Filter>Source Files</Filter>
    </ClCompile>
    <ClCompile Include="..\elliptic.cpp">
      <Filter>Source Files</Filter>
    </ClCompile>
    <ClCompile Include="..\estnorm.cpp">
      <Filter>Source Files</Filter>
    </ClCompile>
    <ClCompile Include="..\evd.cpp">
      <Filter>Source Files</Filter>
    </ClCompile>
    <ClCompile Include="..\expintegrals.cpp">
      <Filter>Source Files</Filter>
    </ClCompile>
    <ClCompile Include="..\fdistr.cpp">
      <Filter>Source Files</Filter>
    </ClCompile>
    <ClCompile Include="..\fft.cpp">
      <Filter>Source Files</Filter>
    </ClCompile>
    <ClCompile Include="..\fht.cpp">
      <Filter>Source Files</Filter>
    </ClCompile>
    <ClCompile Include="..\fresnel.cpp">
      <Filter>Source Files</Filter>
    </ClCompile>
    <ClCompile Include="..\ftbase.cpp">
      <Filter>Source Files</Filter>
    </ClCompile>
    <ClCompile Include="..\gammafunc.cpp">
      <Filter>Source Files</Filter>
    </ClCompile>
    <ClCompile Include="..\gkq.cpp">
      <Filter>Source Files</Filter>
    </ClCompile>
    <ClCompile Include="..\gq.cpp">
      <Filter>Source Files</Filter>
    </ClCompile>
    <ClCompile Include="..\hblas.cpp">
      <Filter>Source Files</Filter>
    </ClCompile>
    <ClCompile Include="..\hermite.cpp">
      <Filter>Source Files</Filter>
    </ClCompile>
    <ClCompile Include="..\hqrnd.cpp">
      <Filter>Source Files</Filter>
    </ClCompile>
    <ClCompile Include="..\hsschur.cpp">
      <Filter>Source Files</Filter>
    </ClCompile>
    <ClCompile Include="..\ialglib.cpp">
      <Filter>Source Files</Filter>
    </ClCompile>
    <ClCompile Include="..\ibetaf.cpp">
      <Filter>Source Files</Filter>
    </ClCompile>
    <ClCompile Include="..\idwint.cpp">
      <Filter>Source Files</Filter>
    </ClCompile>
    <ClCompile Include="..\igammaf.cpp">
      <Filter>Source Files</Filter>
    </ClCompile>
    <ClCompile Include="..\inverseupdate.cpp">
      <Filter>Source Files</Filter>
    </ClCompile>
    <ClCompile Include="..\jacobianelliptic.cpp">
      <Filter>Source Files</Filter>
    </ClCompile>
    <ClCompile Include="..\jarquebera.cpp">
      <Filter>Source Files</Filter>
    </ClCompile>
    <ClCompile Include="..\kmeans.cpp">
      <Filter>Source Files</Filter>
    </ClCompile>
    <ClCompile Include="..\laguerre.cpp">
      <Filter>Source Files</Filter>
    </ClCompile>
    <ClCompile Include="..\lda.cpp">
      <Filter>Source Files</Filter>
    </ClCompile>
    <ClCompile Include="..\ldlt.cpp">
      <Filter>Source Files</Filter>
    </ClCompile>
    <ClCompile Include="..\legendre.cpp">
      <Filter>Source Files</Filter>
    </ClCompile>
    <ClCompile Include="..\linmin.cpp">
      <Filter>Source Files</Filter>
    </ClCompile>
    <ClCompile Include="..\linreg.cpp">
      <Filter>Source Files</Filter>
    </ClCompile>
    <ClCompile Include="..\llstestunit.cpp">
      <Filter>Source Files</Filter>
    </ClCompile>
    <ClCompile Include="..\logit.cpp">
      <Filter>Source Files</Filter>
    </ClCompile>
    <ClCompile Include="..\lsfit.cpp">
      <Filter>Source Files</Filter>
    </ClCompile>
    <ClCompile Include="..\mannwhitneyu.cpp">
      <Filter>Source Files</Filter>
    </ClCompile>
    <ClCompile Include="..\matdet.cpp">
      <Filter>Source Files</Filter>
    </ClCompile>
    <ClCompile Include="..\matgen.cpp">
      <Filter>Source Files</Filter>
    </ClCompile>
    <ClCompile Include="..\matinv.cpp">
      <Filter>Source Files</Filter>
    </ClCompile>
    <ClCompile Include="..\minasa.cpp">
      <Filter>Source Files</Filter>
    </ClCompile>
    <ClCompile Include="..\mincg.cpp">
      <Filter>Source Files</Filter>
    </ClCompile>
    <ClCompile Include="..\minlbfgs.cpp">
      <Filter>Source Files</Filter>
    </ClCompile>
    <ClCompile Include="..\minlm.cpp">
      <Filter>Source Files</Filter>
    </ClCompile>
    <ClCompile Include="..\mlpbase.cpp">
      <Filter>Source Files</Filter>
    </ClCompile>
    <ClCompile Include="..\mlpe.cpp">
      <Filter>Source Files</Filter>
    </ClCompile>
    <ClCompile Include="..\mlptrain.cpp">
      <Filter>Source Files</Filter>
    </ClCompile>
    <ClCompile Include="..\nearestneighbor.cpp">
      <Filter>Source Files</Filter>
    </ClCompile>
    <ClCompile Include="..\nearunityunit.cpp">
      <Filter>Source Files</Filter>
    </ClCompile>
    <ClCompile Include="..\normaldistr.cpp">
      <Filter>Source Files</Filter>
    </ClCompile>
    <ClCompile Include="..\odesolver.cpp">
      <Filter>Source Files</Filter>
    </ClCompile>
    <ClCompile Include="..\ortfac.cpp">
      <Filter>Source Files</Filter>
    </ClCompile>
    <ClCompile Include="..\pca.cpp">
      <Filter>Source Files</Filter>
    </ClCompile>
    <ClCompile Include="..\poissondistr.cpp">
      <Filter>Source Files</Filter>
    </ClCompile>
    <ClCompile Include="..\polint.cpp">
      <Filter>Source Files</Filter>
    </ClCompile>
    <ClCompile Include="..\psif.cpp">
      <Filter>Source Files</Filter>
    </ClCompile>
    <ClCompile Include="..\ratint.cpp">
      <Filter>Source Files</Filter>
    </ClCompile>
    <ClCompile Include="..\ratinterpolation.cpp">
      <Filter>Source Files</Filter>
    </ClCompile>
    <ClCompile Include="..\rcond.cpp">
      <Filter>Source Files</Filter>
    </ClCompile>
    <ClCompile Include="..\reflections.cpp">
      <Filter>Source Files</Filter>
    </ClCompile>
    <ClCompile Include="..\rotations.cpp">
      <Filter>Source Files</Filter>
    </ClCompile>
    <ClCompile Include="..\safesolve.cpp">
      <Filter>Source Files</Filter>
    </ClCompile>
    <ClCompile Include="..\sblas.cpp">
      <Filter>Source Files</Filter>
    </ClCompile>
    <ClCompile Include="..\schur.cpp">
      <Filter>Source Files</Filter>
    </ClCompile>
    <ClCompile Include="..\sdet.cpp">
      <Filter>Source Files</Filter>
    </ClCompile>
    <ClCompile Include="..\sinverse.cpp">
      <Filter>Source Files</Filter>
    </ClCompile>
    <ClCompile Include="..\spdgevd.cpp">
      <Filter>Source Files</Filter>
    </ClCompile>
    <ClCompile Include="..\spline1d.cpp">
      <Filter>Source Files</Filter>
    </ClCompile>
    <ClCompile Include="..\spline2d.cpp">
      <Filter>Source Files</Filter>
    </ClCompile>
    <ClCompile Include="..\spline3.cpp">
      <Filter>Source Files</Filter>
    </ClCompile>
    <ClCompile Include="..\srcond.cpp">
      <Filter>Source Files</Filter>
    </ClCompile>
    <ClCompile Include="..\ssolve.cpp">
      <Filter>Source Files</Filter>
    </ClCompile>
    <ClCompile Include="..\stest.cpp">
      <Filter>Source Files</Filter>
    </ClCompile>
    <ClCompile Include="..\studenttdistr.cpp">
      <Filter>Source Files</Filter>
    </ClCompile>
    <ClCompile Include="..\studentttests.cpp">
      <Filter>Source Files</Filter>
    </ClCompile>
    <ClCompile Include="..\svd.cpp">
      <Filter>Source Files</Filter>
    </ClCompile>
    <ClCompile Include="..\taskgen.cpp">
      <Filter>Source Files</Filter>
    </ClCompile>
    <ClCompile Include="..\testablasunit.cpp">
      <Filter>Source Files</Filter>
    </ClCompile>
    <ClCompile Include="..\testasa.cpp">
      <Filter>Source Files</Filter>
    </ClCompile>
    <ClCompile Include="..\testautogk.cpp">
      <Filter>Source Files</Filter>
    </ClCompile>
    <ClCompile Include="..\testbdssunit.cpp">
      <Filter>Source Files</Filter>
    </ClCompile>
    <ClCompile Include="..\testbdsvdunit.cpp">
      <Filter>Source Files</Filter>
    </ClCompile>
    <ClCompile Include="..\testblasunit.cpp">
      <Filter>Source Files</Filter>
    </ClCompile>
    <ClCompile Include="..\testchebyshevunit.cpp">
      <Filter>Source Files</Filter>
    </ClCompile>
    <ClCompile Include="..\testconvunit.cpp">
      <Filter>Source Files</Filter>
    </ClCompile>
    <ClCompile Include="..\testcorrunit.cpp">
      <Filter>Source Files</Filter>
    </ClCompile>
    <ClCompile Include="..\testcreflunit.cpp">
      <Filter>Source Files</Filter>
    </ClCompile>
    <ClCompile Include="..\testdensesolverunit.cpp">
      <Filter>Source Files</Filter>
    </ClCompile>
    <ClCompile Include="..\testevdunit.cpp">
      <Filter>Source Files</Filter>
    </ClCompile>
    <ClCompile Include="..\testfftunit.cpp">
      <Filter>Source Files</Filter>
    </ClCompile>
    <ClCompile Include="..\testfhtunit.cpp">
      <Filter>Source Files</Filter>
    </ClCompile>
    <ClCompile Include="..\testforestunit.cpp">
      <Filter>Source Files</Filter>
    </ClCompile>
    <ClCompile Include="..\testgammaunit.cpp">
      <Filter>Source Files</Filter>
    </ClCompile>
    <ClCompile Include="..\testgkq.cpp">
      <Filter>Source Files</Filter>
    </ClCompile>
    <ClCompile Include="..\testgq.cpp">
      <Filter>Source Files</Filter>
    </ClCompile>
    <ClCompile Include="..\testhblasunit.cpp">
      <Filter>Source Files</Filter>
    </ClCompile>
    <ClCompile Include="..\testhermiteunit.cpp">
      <Filter>Source Files</Filter>
    </ClCompile>
    <ClCompile Include="..\testhqrndunit.cpp">
      <Filter>Source Files</Filter>
    </ClCompile>
    <ClCompile Include="..\testidwunit.cpp">
      <Filter>Source Files</Filter>
    </ClCompile>
    <ClCompile Include="..\testinverseupdateunit.cpp">
      <Filter>Source Files</Filter>
    </ClCompile>
    <ClCompile Include="..\testinvldltunit.cpp">
      <Filter>Source Files</Filter>
    </ClCompile>
    <ClCompile Include="..\testkmeansunit.cpp">
      <Filter>Source Files</Filter>
    </ClCompile>
    <ClCompile Include="..\testlaguerreunit.cpp">
      <Filter>Source Files</Filter>
    </ClCompile>
    <ClCompile Include="..\testldaunit.cpp">
      <Filter>Source Files</Filter>
    </ClCompile>
    <ClCompile Include="..\testldltunit.cpp">
      <Filter>Source Files</Filter>
    </ClCompile>
    <ClCompile Include="..\testlegendreunit.cpp">
      <Filter>Source Files</Filter>
    </ClCompile>
    <ClCompile Include="..\testlinminunit.cpp">
      <Filter>Source Files</Filter>
    </ClCompile>
    <ClCompile Include="..\testmatgenunit.cpp">
      <Filter>Source Files</Filter>
    </ClCompile>
    <ClCompile Include="..\testmatinvunit.cpp">
      <Filter>Source Files</Filter>
    </ClCompile>
    <ClCompile Include="..\testmincgunit.cpp">
      <Filter>Source Files</Filter>
    </ClCompile>
    <ClCompile Include="..\testminlbfgsunit.cpp">
      <Filter>Source Files</Filter>
    </ClCompile>
    <ClCompile Include="..\testminlmunit.cpp">
      <Filter>Source Files</Filter>
    </ClCompile>
    <ClCompile Include="..\testmlpeunit.cpp">
      <Filter>Source Files</Filter>
    </ClCompile>
    <ClCompile Include="..\testmlpunit.cpp">
      <Filter>Source Files</Filter>
    </ClCompile>
    <ClCompile Include="..\testnearestneighborunit.cpp">
      <Filter>Source Files</Filter>
    </ClCompile>
    <ClCompile Include="..\testodesolverunit.cpp">
      <Filter>Source Files</Filter>
    </ClCompile>
    <ClCompile Include="..\testortfacunit.cpp">
      <Filter>Source Files</Filter>
    </ClCompile>
    <ClCompile Include="..\testpcaunit.cpp">
      <Filter>Source Files</Filter>
    </ClCompile>
    <ClCompile Include="..\testpolintunit.cpp">
      <Filter>Source Files</Filter>
    </ClCompile>
    <ClCompile Include="..\testratinterpolation.cpp">
      <Filter>Source Files</Filter>
    </ClCompile>
    <ClCompile Include="..\testrcondldltunit.cpp">
      <Filter>Source Files</Filter>
    </ClCompile>
    <ClCompile Include="..\testrcondunit.cpp">
      <Filter>Source Files</Filter>
    </ClCompile>
    <ClCompile Include="..\testreflectionsunit.cpp">
      <Filter>Source Files</Filter>
    </ClCompile>
    <ClCompile Include="..\testregressunit.cpp">
      <Filter>Source Files</Filter>
    </ClCompile>
    <ClCompile Include="..\testsafesolveunit.cpp">
      <Filter>Source Files</Filter>
    </ClCompile>
    <ClCompile Include="..\testsblasunit.cpp">
      <Filter>Source Files</Filter>
    </ClCompile>
    <ClCompile Include="..\testschurunit.cpp">
      <Filter>Source Files</Filter>
    </ClCompile>
    <ClCompile Include="..\testspdgevdunit.cpp">
      <Filter>Source Files</Filter>
    </ClCompile>
    <ClCompile Include="..\testspline1dunit.cpp">
      <Filter>Source Files</Filter>
    </ClCompile>
    <ClCompile Include="..\testspline2dunit.cpp">
      <Filter>Source Files</Filter>
    </ClCompile>
    <ClCompile Include="..\testsstunit.cpp">
      <Filter>Source Files</Filter>
    </ClCompile>
    <ClCompile Include="..\testsvdunit.cpp">
      <Filter>Source Files</Filter>
    </ClCompile>
    <ClCompile Include="..\testtrfacunit.cpp">
      <Filter>Source Files</Filter>
    </ClCompile>
    <ClCompile Include="..\testtsortunit.cpp">
      <Filter>Source Files</Filter>
    </ClCompile>
    <ClCompile Include="..\testxblasunit.cpp">
      <Filter>Source Files</Filter>
    </ClCompile>
    <ClCompile Include="..\trfac.cpp">
      <Filter>Source Files</Filter>
    </ClCompile>
    <ClCompile Include="..\trigintegrals.cpp">
      <Filter>Source Files</Filter>
    </ClCompile>
    <ClCompile Include="..\trlinsolve.cpp">
      <Filter>Source Files</Filter>
    </ClCompile>
    <ClCompile Include="..\tsort.cpp">
      <Filter>Source Files</Filter>
    </ClCompile>
    <ClCompile Include="..\variancetests.cpp">
      <Filter>Source Files</Filter>
    </ClCompile>
    <ClCompile Include="..\wsr.cpp">
      <Filter>Source Files</Filter>
    </ClCompile>
    <ClCompile Include="..\xblas.cpp">
      <Filter>Source Files</Filter>
    </ClCompile>
  </ItemGroup>
  <ItemGroup>
    <ClInclude Include="..\ablas.h">
      <Filter>Header Files</Filter>
    </ClInclude>
    <ClInclude Include="..\ablasf.h">
      <Filter>Header Files</Filter>
    </ClInclude>
    <ClInclude Include="..\airyf.h">
      <Filter>Header Files</Filter>
    </ClInclude>
    <ClInclude Include="..\ap.h">
      <Filter>Header Files</Filter>
    </ClInclude>
    <ClInclude Include="..\apvt.h">
      <Filter>Header Files</Filter>
    </ClInclude>
    <ClInclude Include="..\autogk.h">
      <Filter>Header Files</Filter>
    </ClInclude>
    <ClInclude Include="..\bdss.h">
      <Filter>Header Files</Filter>
    </ClInclude>
    <ClInclude Include="..\bdsvd.h">
      <Filter>Header Files</Filter>
    </ClInclude>
    <ClInclude Include="..\bessel.h">
      <Filter>Header Files</Filter>
    </ClInclude>
    <ClInclude Include="..\betaf.h">
      <Filter>Header Files</Filter>
    </ClInclude>
    <ClInclude Include="..\binomialdistr.h">
      <Filter>Header Files</Filter>
    </ClInclude>
    <ClInclude Include="..\blas.h">
      <Filter>Header Files</Filter>
    </ClInclude>
    <ClInclude Include="..\chebyshev.h">
      <Filter>Header Files</Filter>
    </ClInclude>
    <ClInclude Include="..\chisquaredistr.h">
      <Filter>Header Files</Filter>
    </ClInclude>
    <ClInclude Include="..\conv.h">
      <Filter>Header Files</Filter>
    </ClInclude>
    <ClInclude Include="..\corr.h">
      <Filter>Header Files</Filter>
    </ClInclude>
    <ClInclude Include="..\correlation.h">
      <Filter>Header Files</Filter>
    </ClInclude>
    <ClInclude Include="..\correlationtests.h">
      <Filter>Header Files</Filter>
    </ClInclude>
    <ClInclude Include="..\creflections.h">
      <Filter>Header Files</Filter>
    </ClInclude>
    <ClInclude Include="..\dawson.h">
      <Filter>Header Files</Filter>
    </ClInclude>
    <ClInclude Include="..\densesolver.h">
      <Filter>Header Files</Filter>
    </ClInclude>
    <ClInclude Include="..\descriptivestatistics.h">
      <Filter>Header Files</Filter>
    </ClInclude>
    <ClInclude Include="..\dforest.h">
      <Filter>Header Files</Filter>
    </ClInclude>
    <ClInclude Include="..\elliptic.h">
      <Filter>Header Files</Filter>
    </ClInclude>
    <ClInclude Include="..\estnorm.h">
      <Filter>Header Files</Filter>
    </ClInclude>
    <ClInclude Include="..\evd.h">
      <Filter>Header Files</Filter>
    </ClInclude>
    <ClInclude Include="..\expintegrals.h">
      <Filter>Header Files</Filter>
    </ClInclude>
    <ClInclude Include="..\fdistr.h">
      <Filter>Header Files</Filter>
    </ClInclude>
    <ClInclude Include="..\fft.h">
      <Filter>Header Files</Filter>
    </ClInclude>
    <ClInclude Include="..\fht.h">
      <Filter>Header Files</Filter>
    </ClInclude>
    <ClInclude Include="..\fresnel.h">
      <Filter>Header Files</Filter>
    </ClInclude>
    <ClInclude Include="..\ftbase.h">
      <Filter>Header Files</Filter>
    </ClInclude>
    <ClInclude Include="..\gammafunc.h">
      <Filter>Header Files</Filter>
    </ClInclude>
    <ClInclude Include="..\gkq.h">
      <Filter>Header Files</Filter>
    </ClInclude>
    <ClInclude Include="..\gq.h">
      <Filter>Header Files</Filter>
    </ClInclude>
    <ClInclude Include="..\hblas.h">
      <Filter>Header Files</Filter>
    </ClInclude>
    <ClInclude Include="..\hermite.h">
      <Filter>Header Files</Filter>
    </ClInclude>
    <ClInclude Include="..\hqrnd.h">
      <Filter>Header Files</Filter>
    </ClInclude>
    <ClInclude Include="..\hsschur.h">
      <Filter>Header Files</Filter>
    </ClInclude>
    <ClInclude Include="..\ialglib.h">
      <Filter>Header Files</Filter>
    </ClInclude>
    <ClInclude Include="..\ibetaf.h">
      <Filter>Header Files</Filter>
    </ClInclude>
    <ClInclude Include="..\idwint.h">
      <Filter>Header Files</Filter>
    </ClInclude>
    <ClInclude Include="..\igammaf.h">
      <Filter>Header Files</Filter>
    </ClInclude>
    <ClInclude Include="..\inverseupdate.h">
      <Filter>Header Files</Filter>
    </ClInclude>
    <ClInclude Include="..\jacobianelliptic.h">
      <Filter>Header Files</Filter>
    </ClInclude>
    <ClInclude Include="..\jarquebera.h">
      <Filter>Header Files</Filter>
    </ClInclude>
    <ClInclude Include="..\kmeans.h">
      <Filter>Header Files</Filter>
    </ClInclude>
    <ClInclude Include="..\laguerre.h">
      <Filter>Header Files</Filter>
    </ClInclude>
    <ClInclude Include="..\lda.h">
      <Filter>Header Files</Filter>
    </ClInclude>
    <ClInclude Include="..\ldlt.h">
      <Filter>Header Files</Filter>
    </ClInclude>
    <ClInclude Include="..\legendre.h">
      <Filter>Header Files</Filter>
    </ClInclude>
    <ClInclude Include="..\linmin.h">
      <Filter>Header Files</Filter>
    </ClInclude>
    <ClInclude Include="..\linreg.h">
      <Filter>Header Files</Filter>
    </ClInclude>
    <ClInclude Include="..\llstestunit.h">
      <Filter>Header Files</Filter>
    </ClInclude>
    <ClInclude Include="..\logit.h">
      <Filter>Header Files</Filter>
    </ClInclude>
    <ClInclude Include="..\lsfit.h">
      <Filter>Header Files</Filter>
    </ClInclude>
    <ClInclude Include="..\mannwhitneyu.h">
      <Filter>Header Files</Filter>
    </ClInclude>
    <ClInclude Include="..\matdet.h">
      <Filter>Header Files</Filter>
    </ClInclude>
    <ClInclude Include="..\matgen.h">
      <Filter>Header Files</Filter>
    </ClInclude>
    <ClInclude Include="..\matinv.h">
      <Filter>Header Files</Filter>
    </ClInclude>
    <ClInclude Include="..\minasa.h">
      <Filter>Header Files</Filter>
    </ClInclude>
    <ClInclude Include="..\mincg.h">
      <Filter>Header Files</Filter>
    </ClInclude>
    <ClInclude Include="..\minlbfgs.h">
      <Filter>Header Files</Filter>
    </ClInclude>
    <ClInclude Include="..\minlm.h">
      <Filter>Header Files</Filter>
    </ClInclude>
    <ClInclude Include="..\mlpbase.h">
      <Filter>Header Files</Filter>
    </ClInclude>
    <ClInclude Include="..\mlpe.h">
      <Filter>Header Files</Filter>
    </ClInclude>
    <ClInclude Include="..\mlptrain.h">
      <Filter>Header Files</Filter>
    </ClInclude>
    <ClInclude Include="..\nearestneighbor.h">
      <Filter>Header Files</Filter>
    </ClInclude>
    <ClInclude Include="..\nearunityunit.h">
      <Filter>Header Files</Filter>
    </ClInclude>
    <ClInclude Include="..\normaldistr.h">
      <Filter>Header Files</Filter>
    </ClInclude>
    <ClInclude Include="..\odesolver.h">
      <Filter>Header Files</Filter>
    </ClInclude>
    <ClInclude Include="..\ortfac.h">
      <Filter>Header Files</Filter>
    </ClInclude>
    <ClInclude Include="..\pca.h">
      <Filter>Header Files</Filter>
    </ClInclude>
    <ClInclude Include="..\poissondistr.h">
      <Filter>Header Files</Filter>
    </ClInclude>
    <ClInclude Include="..\polint.h">
      <Filter>Header Files</Filter>
    </ClInclude>
    <ClInclude Include="..\psif.h">
      <Filter>Header Files</Filter>
    </ClInclude>
    <ClInclude Include="..\ratint.h">
      <Filter>Header Files</Filter>
    </ClInclude>
    <ClInclude Include="..\ratinterpolation.h">
      <Filter>Header Files</Filter>
    </ClInclude>
    <ClInclude Include="..\rcond.h">
      <Filter>Header Files</Filter>
    </ClInclude>
    <ClInclude Include="..\reflections.h">
      <Filter>Header Files</Filter>
    </ClInclude>
    <ClInclude Include="..\rotations.h">
      <Filter>Header Files</Filter>
    </ClInclude>
    <ClInclude Include="..\safesolve.h">
      <Filter>Header Files</Filter>
    </ClInclude>
    <ClInclude Include="..\sblas.h">
      <Filter>Header Files</Filter>
    </ClInclude>
    <ClInclude Include="..\schur.h">
      <Filter>Header Files</Filter>
    </ClInclude>
    <ClInclude Include="..\sdet.h">
      <Filter>Header Files</Filter>
    </ClInclude>
    <ClInclude Include="..\sinverse.h">
      <Filter>Header Files</Filter>
    </ClInclude>
    <ClInclude Include="..\spdgevd.h">
      <Filter>Header Files</Filter>
    </ClInclude>
    <ClInclude Include="..\spline1d.h">
      <Filter>Header Files</Filter>
    </ClInclude>
    <ClInclude Include="..\spline2d.h">
      <Filter>Header Files</Filter>
    </ClInclude>
    <ClInclude Include="..\spline3.h">
      <Filter>Header Files</Filter>
    </ClInclude>
    <ClInclude Include="..\srcond.h">
      <Filter>Header Files</Filter>
    </ClInclude>
    <ClInclude Include="..\ssolve.h">
      <Filter>Header Files</Filter>
    </ClInclude>
    <ClInclude Include="..\stdafx.h">
      <Filter>Header Files</Filter>
    </ClInclude>
    <ClInclude Include="..\stest.h">
      <Filter>Header Files</Filter>
    </ClInclude>
    <ClInclude Include="..\studenttdistr.h">
      <Filter>Header Files</Filter>
    </ClInclude>
    <ClInclude Include="..\studentttests.h">
      <Filter>Header Files</Filter>
    </ClInclude>
    <ClInclude Include="..\svd.h">
      <Filter>Header Files</Filter>
    </ClInclude>
    <ClInclude Include="..\taskgen.h">
      <Filter>Header Files</Filter>
    </ClInclude>
    <ClInclude Include="..\testablasunit.h">
      <Filter>Header Files</Filter>
    </ClInclude>
    <ClInclude Include="..\testasa.h">
      <Filter>Header Files</Filter>
    </ClInclude>
    <ClInclude Include="..\testautogk.h">
      <Filter>Header Files</Filter>
    </ClInclude>
    <ClInclude Include="..\testbdssunit.h">
      <Filter>Header Files</Filter>
    </ClInclude>
    <ClInclude Include="..\testbdsvdunit.h">
      <Filter>Header Files</Filter>
    </ClInclude>
    <ClInclude Include="..\testblasunit.h">
      <Filter>Header Files</Filter>
    </ClInclude>
    <ClInclude Include="..\testchebyshevunit.h">
      <Filter>Header Files</Filter>
    </ClInclude>
    <ClInclude Include="..\testconvunit.h">
      <Filter>Header Files</Filter>
    </ClInclude>
    <ClInclude Include="..\testcorrunit.h">
      <Filter>Header Files</Filter>
    </ClInclude>
    <ClInclude Include="..\testcreflunit.h">
      <Filter>Header Files</Filter>
    </ClInclude>
    <ClInclude Include="..\testdensesolverunit.h">
      <Filter>Header Files</Filter>
    </ClInclude>
    <ClInclude Include="..\testevdunit.h">
      <Filter>Header Files</Filter>
    </ClInclude>
    <ClInclude Include="..\testfftunit.h">
      <Filter>Header Files</Filter>
    </ClInclude>
    <ClInclude Include="..\testfhtunit.h">
      <Filter>Header Files</Filter>
    </ClInclude>
    <ClInclude Include="..\testforestunit.h">
      <Filter>Header Files</Filter>
    </ClInclude>
    <ClInclude Include="..\testgammaunit.h">
      <Filter>Header Files</Filter>
    </ClInclude>
    <ClInclude Include="..\testgkq.h">
      <Filter>Header Files</Filter>
    </ClInclude>
    <ClInclude Include="..\testgq.h">
      <Filter>Header Files</Filter>
    </ClInclude>
    <ClInclude Include="..\testhblasunit.h">
      <Filter>Header Files</Filter>
    </ClInclude>
    <ClInclude Include="..\testhermiteunit.h">
      <Filter>Header Files</Filter>
    </ClInclude>
    <ClInclude Include="..\testhqrndunit.h">
      <Filter>Header Files</Filter>
    </ClInclude>
    <ClInclude Include="..\testidwunit.h">
      <Filter>Header Files</Filter>
    </ClInclude>
    <ClInclude Include="..\testinverseupdateunit.h">
      <Filter>Header Files</Filter>
    </ClInclude>
    <ClInclude Include="..\testinvldltunit.h">
      <Filter>Header Files</Filter>
    </ClInclude>
    <ClInclude Include="..\testkmeansunit.h">
      <Filter>Header Files</Filter>
    </ClInclude>
    <ClInclude Include="..\testlaguerreunit.h">
      <Filter>Header Files</Filter>
    </ClInclude>
    <ClInclude Include="..\testldaunit.h">
      <Filter>Header Files</Filter>
    </ClInclude>
    <ClInclude Include="..\testldltunit.h">
      <Filter>Header Files</Filter>
    </ClInclude>
    <ClInclude Include="..\testlegendreunit.h">
      <Filter>Header Files</Filter>
    </ClInclude>
    <ClInclude Include="..\testlinminunit.h">
      <Filter>Header Files</Filter>
    </ClInclude>
    <ClInclude Include="..\testmatgenunit.h">
      <Filter>Header Files</Filter>
    </ClInclude>
    <ClInclude Include="..\testmatinvunit.h">
      <Filter>Header Files</Filter>
    </ClInclude>
    <ClInclude Include="..\testmincgunit.h">
      <Filter>Header Files</Filter>
    </ClInclude>
    <ClInclude Include="..\testminlbfgsunit.h">
      <Filter>Header Files</Filter>
    </ClInclude>
    <ClInclude Include="..\testminlmunit.h">
      <Filter>Header Files</Filter>
    </ClInclude>
    <ClInclude Include="..\testmlpeunit.h">
      <Filter>Header Files</Filter>
    </ClInclude>
    <ClInclude Include="..\testmlpunit.h">
      <Filter>Header Files</Filter>
    </ClInclude>
    <ClInclude Include="..\testnearestneighborunit.h">
      <Filter>Header Files</Filter>
    </ClInclude>
    <ClInclude Include="..\testodesolverunit.h">
      <Filter>Header Files</Filter>
    </ClInclude>
    <ClInclude Include="..\testortfacunit.h">
      <Filter>Header Files</Filter>
    </ClInclude>
    <ClInclude Include="..\testpcaunit.h">
      <Filter>Header Files</Filter>
    </ClInclude>
    <ClInclude Include="..\testpolintunit.h">
      <Filter>Header Files</Filter>
    </ClInclude>
    <ClInclude Include="..\testratinterpolation.h">
      <Filter>Header Files</Filter>
    </ClInclude>
    <ClInclude Include="..\testrcondldltunit.h">
      <Filter>Header Files</Filter>
    </ClInclude>
    <ClInclude Include="..\testrcondunit.h">
      <Filter>Header Files</Filter>
    </ClInclude>
    <ClInclude Include="..\testreflectionsunit.h">
      <Filter>Header Files</Filter>
    </ClInclude>
    <ClInclude Include="..\testregressunit.h">
      <Filter>Header Files</Filter>
    </ClInclude>
    <ClInclude Include="..\testsafesolveunit.h">
      <Filter>Header Files</Filter>
    </ClInclude>
    <ClInclude Include="..\testsblasunit.h">
      <Filter>Header Files</Filter>
    </ClInclude>
    <ClInclude Include="..\testschurunit.h">
      <Filter>Header Files</Filter>
    </ClInclude>
    <ClInclude Include="..\testspdgevdunit.h">
      <Filter>Header Files</Filter>
    </ClInclude>
    <ClInclude Include="..\testspline1dunit.h">
      <Filter>Header Files</Filter>
    </ClInclude>
    <ClInclude Include="..\testspline2dunit.h">
      <Filter>Header Files</Filter>
    </ClInclude>
    <ClInclude Include="..\testsstunit.h">
      <Filter>Header Files</Filter>
    </ClInclude>
    <ClInclude Include="..\testsvdunit.h">
      <Filter>Header Files</Filter>
    </ClInclude>
    <ClInclude Include="..\testtrfacunit.h">
      <Filter>Header Files</Filter>
    </ClInclude>
    <ClInclude Include="..\testtsortunit.h">
      <Filter>Header Files</Filter>
    </ClInclude>
    <ClInclude Include="..\testxblasunit.h">
      <Filter>Header Files</Filter>
    </ClInclude>
    <ClInclude Include="..\trfac.h">
      <Filter>Header Files</Filter>
    </ClInclude>
    <ClInclude Include="..\trigintegrals.h">
      <Filter>Header Files</Filter>
    </ClInclude>
    <ClInclude Include="..\trlinsolve.h">
      <Filter>Header Files</Filter>
    </ClInclude>
    <ClInclude Include="..\tsort.h">
      <Filter>Header Files</Filter>
    </ClInclude>
    <ClInclude Include="..\variancetests.h">
      <Filter>Header Files</Filter>
    </ClInclude>
    <ClInclude Include="..\wsr.h">
      <Filter>Header Files</Filter>
    </ClInclude>
    <ClInclude Include="..\xblas.h">
      <Filter>Header Files</Filter>
    </ClInclude>
  </ItemGroup>
</Project>