<?xml version="1.0" encoding="utf-8"?>
<Project ToolsVersion="4.0" xmlns="http://schemas.microsoft.com/developer/msbuild/2003">
  <ItemGroup>
    <Filter Include="Source Files">
      <UniqueIdentifier>{4FC737F1-C7A5-4376-A066-2A32D752A2FF}</UniqueIdentifier>
      <Extensions>cpp;c;cc;cxx;def;odl;idl;hpj;bat;asm;asmx</Extensions>
    </Filter>
    <Filter Include="Header Files">
      <UniqueIdentifier>{93995380-89BD-4b04-88EB-625FBE52EBFB}</UniqueIdentifier>
      <Extensions>h;hpp;hxx;hm;inl;inc;xsd</Extensions>
    </Filter>
    <Filter Include="Resource Files">
      <UniqueIdentifier>{67DA6AB6-F800-4c08-8B7A-83BB121AAD01}</UniqueIdentifier>
      <Extensions>rc;ico;cur;bmp;dlg;rc2;rct;bin;rgs;gif;jpg;jpeg;jpe;resx;tiff;tif;png;wav;mfcribbon-ms</Extensions>
    </Filter>
    <Filter Include="Source Files\Examples">
      <UniqueIdentifier>{28f5e30b-2803-4f41-8622-c0df5f2073c9}</UniqueIdentifier>
    </Filter>
  </ItemGroup>
  <ItemGroup>
    <ClCompile Include="..\examples\umfpack\sym\usymshf.cc">
      <Filter>Source Files\Examples</Filter>
    </ClCompile>
    <ClCompile Include="..\examples\umfpack\sym\usymreg.cc">
      <Filter>Source Files\Examples</Filter>
    </ClCompile>
    <ClCompile Include="..\examples\umfpack\sym\usymgshf.cc">
      <Filter>Source Files\Examples</Filter>
    </ClCompile>
    <ClCompile Include="..\examples\umfpack\sym\usymgreg.cc">
      <Filter>Source Files\Examples</Filter>
    </ClCompile>
    <ClCompile Include="..\examples\umfpack\sym\usymgcay.cc">
      <Filter>Source Files\Examples</Filter>
    </ClCompile>
    <ClCompile Include="..\examples\umfpack\sym\usymgbkl.cc">
      <Filter>Source Files\Examples</Filter>
    </ClCompile>
    <ClCompile Include="..\examples\umfpack\nonsym\usvd.cc">
      <Filter>Source Files\Examples</Filter>
    </ClCompile>
    <ClCompile Include="..\examples\umfpack\nonsym\unsymshf.cc">
      <Filter>Source Files\Examples</Filter>
    </ClCompile>
    <ClCompile Include="..\examples\umfpack\nonsym\unsymreg.cc">
      <Filter>Source Files\Examples</Filter>
    </ClCompile>
    <ClCompile Include="..\examples\umfpack\nonsym\unsymgsh.cc">
      <Filter>Source Files\Examples</Filter>
    </ClCompile>
    <ClCompile Include="..\examples\umfpack\nonsym\unsymgsc.cc">
      <Filter>Source Files\Examples</Filter>
    </ClCompile>
    <ClCompile Include="..\examples\umfpack\nonsym\unsymgre.cc">
      <Filter>Source Files\Examples</Filter>
    </ClCompile>
    <ClCompile Include="..\examples\umfpack\complex\ucompshf.cc">
      <Filter>Source Files\Examples</Filter>
    </ClCompile>
    <ClCompile Include="..\examples\umfpack\complex\ucompreg.cc">
      <Filter>Source Files\Examples</Filter>
    </ClCompile>
    <ClCompile Include="..\examples\umfpack\complex\ucompgsh.cc">
      <Filter>Source Files\Examples</Filter>
    </ClCompile>
    <ClCompile Include="..\examples\umfpack\complex\ucompgre.cc">
      <Filter>Source Files\Examples</Filter>
    </ClCompile>
    <ClCompile Include="..\examples\product\simple\symsimp.cc">
      <Filter>Source Files\Examples</Filter>
    </ClCompile>
    <ClCompile Include="..\examples\product\sym\symshft.cc">
      <Filter>Source Files\Examples</Filter>
    </ClCompile>
    <ClCompile Include="..\examples\product\sym\symreg.cc">
      <Filter>Source Files\Examples</Filter>
    </ClCompile>
    <ClCompile Include="..\examples\product\sym\symgshft.cc">
      <Filter>Source Files\Examples</Filter>
    </ClCompile>
    <ClCompile Include="..\examples\product\sym\symgreg.cc">
      <Filter>Source Files\Examples</Filter>
    </ClCompile>
    <ClCompile Include="..\examples\product\sym\symgcayl.cc">
      <Filter>Source Files\Examples</Filter>
    </ClCompile>
    <ClCompile Include="..\examples\product\sym\symgbklg.cc">
      <Filter>Source Files\Examples</Filter>
    </ClCompile>
    <ClCompile Include="..\examples\product\nonsym\svd.cc">
      <Filter>Source Files\Examples</Filter>
    </ClCompile>
    <ClCompile Include="..\examples\areig\nonsym\simple.cc">
      <Filter>Source Files\Examples</Filter>
    </ClCompile>
    <ClCompile Include="..\examples\reverse\sym\rsymshf.cc">
      <Filter>Source Files\Examples</Filter>
    </ClCompile>
    <ClCompile Include="..\examples\reverse\sym\rsymreg.cc">
      <Filter>Source Files\Examples</Filter>
    </ClCompile>
    <ClCompile Include="..\examples\reverse\sym\rsymgshf.cc">
      <Filter>Source Files\Examples</Filter>
    </ClCompile>
    <ClCompile Include="..\examples\reverse\sym\rsymgreg.cc">
      <Filter>Source Files\Examples</Filter>
    </ClCompile>
    <ClCompile Include="..\examples\reverse\sym\rsymgcay.cc">
      <Filter>Source Files\Examples</Filter>
    </ClCompile>
    <ClCompile Include="..\examples\reverse\sym\rsymgbkl.cc">
      <Filter>Source Files\Examples</Filter>
    </ClCompile>
    <ClCompile Include="..\examples\reverse\nonsym\rsvd.cc">
      <Filter>Source Files\Examples</Filter>
    </ClCompile>
    <ClCompile Include="..\examples\reverse\nonsym\rnsymshf.cc">
      <Filter>Source Files\Examples</Filter>
    </ClCompile>
    <ClCompile Include="..\examples\reverse\nonsym\rnsymreg.cc">
      <Filter>Source Files\Examples</Filter>
    </ClCompile>
    <ClCompile Include="..\examples\reverse\nonsym\rnsymgsh.cc">
      <Filter>Source Files\Examples</Filter>
    </ClCompile>
    <ClCompile Include="..\examples\reverse\nonsym\rnsymgsc.cc">
      <Filter>Source Files\Examples</Filter>
    </ClCompile>
    <ClCompile Include="..\examples\reverse\nonsym\rnsymgre.cc">
      <Filter>Source Files\Examples</Filter>
    </ClCompile>
    <ClCompile Include="..\examples\reverse\complex\rcompshf.cc">
      <Filter>Source Files\Examples</Filter>
    </ClCompile>
    <ClCompile Include="..\examples\reverse\complex\rcompreg.cc">
      <Filter>Source Files\Examples</Filter>
    </ClCompile>
    <ClCompile Include="..\examples\reverse\complex\rcompgsh.cc">
      <Filter>Source Files\Examples</Filter>
    </ClCompile>
    <ClCompile Include="..\examples\reverse\complex\rcompgre.cc">
      <Filter>Source Files\Examples</Filter>
    </ClCompile>
    <ClCompile Include="..\examples\product\nonsym\nsymshf.cc">
      <Filter>Source Files\Examples</Filter>
    </ClCompile>
    <ClCompile Include="..\examples\product\nonsym\nsymreg.cc">
      <Filter>Source Files\Examples</Filter>
    </ClCompile>
    <ClCompile Include="..\examples\product\nonsym\nsymgshf.cc">
      <Filter>Source Files\Examples</Filter>
    </ClCompile>
    <ClCompile Include="..\examples\product\nonsym\nsymgscr.cc">
      <Filter>Source Files\Examples</Filter>
    </ClCompile>
    <ClCompile Include="..\examples\product\nonsym\nsymgsci.cc">
      <Filter>Source Files\Examples</Filter>
    </ClCompile>
    <ClCompile Include="..\examples\product\nonsym\nsymgreg.cc">
      <Filter>Source Files\Examples</Filter>
    </ClCompile>
    <ClCompile Include="..\examples\superlu\sym\lsymshf.cc">
      <Filter>Source Files\Examples</Filter>
    </ClCompile>
    <ClCompile Include="..\examples\superlu\sym\lsymreg.cc">
      <Filter>Source Files\Examples</Filter>
    </ClCompile>
    <ClCompile Include="..\examples\superlu\sym\lsymgshf.cc">
      <Filter>Source Files\Examples</Filter>
    </ClCompile>
    <ClCompile Include="..\examples\superlu\sym\lsymgreg.cc">
      <Filter>Source Files\Examples</Filter>
    </ClCompile>
    <ClCompile Include="..\examples\superlu\sym\lsymgcay.cc">
      <Filter>Source Files\Examples</Filter>
    </ClCompile>
    <ClCompile Include="..\examples\superlu\sym\lsymgbkl.cc">
      <Filter>Source Files\Examples</Filter>
    </ClCompile>
    <ClCompile Include="..\examples\superlu\nonsym\lsvd2.cc">
      <Filter>Source Files\Examples</Filter>
    </ClCompile>
    <ClCompile Include="..\examples\superlu\nonsym\lsvd.cc">
      <Filter>Source Files\Examples</Filter>
    </ClCompile>
    <ClCompile Include="..\examples\superlu\nonsym\lnsymshf.cc">
      <Filter>Source Files\Examples</Filter>
    </ClCompile>
    <ClCompile Include="..\examples\superlu\nonsym\lnsymreg.cc">
      <Filter>Source Files\Examples</Filter>
    </ClCompile>
    <ClCompile Include="..\examples\superlu\nonsym\lnsymgsh.cc">
      <Filter>Source Files\Examples</Filter>
    </ClCompile>
    <ClCompile Include="..\examples\superlu\nonsym\lnsymgsc.cc">
      <Filter>Source Files\Examples</Filter>
    </ClCompile>
    <ClCompile Include="..\examples\superlu\nonsym\lnsymgre.cc">
      <Filter>Source Files\Examples</Filter>
    </ClCompile>
    <ClCompile Include="..\examples\superlu\complex\lcompshf.cc">
      <Filter>Source Files\Examples</Filter>
    </ClCompile>
    <ClCompile Include="..\examples\superlu\complex\lcompreg.cc">
      <Filter>Source Files\Examples</Filter>
    </ClCompile>
    <ClCompile Include="..\examples\superlu\complex\lcompgsh.cc">
      <Filter>Source Files\Examples</Filter>
    </ClCompile>
    <ClCompile Include="..\examples\superlu\complex\lcompgre.cc">
      <Filter>Source Files\Examples</Filter>
    </ClCompile>
    <ClCompile Include="..\examples\harwell\sym\hsymstd.cc">
      <Filter>Source Files\Examples</Filter>
    </ClCompile>
    <ClCompile Include="..\examples\harwell\sym\hsymgen.cc">
      <Filter>Source Files\Examples</Filter>
    </ClCompile>
    <ClCompile Include="..\examples\harwell\nonsym\hnsymstd.cc">
      <Filter>Source Files\Examples</Filter>
    </ClCompile>
    <ClCompile Include="..\examples\harwell\nonsym\hnsymgen.cc">
      <Filter>Source Files\Examples</Filter>
    </ClCompile>
    <ClCompile Include="..\examples\harwell\complex\hcompstd.cc">
      <Filter>Source Files\Examples</Filter>
    </ClCompile>
    <ClCompile Include="..\examples\harwell\complex\hcompgen.cc">
      <Filter>Source Files\Examples</Filter>
    </ClCompile>
    <ClCompile Include="..\examples\dense\sym\dsymshf.cc">
      <Filter>Source Files\Examples</Filter>
    </ClCompile>
    <ClCompile Include="..\examples\dense\sym\dsymreg.cc">
      <Filter>Source Files\Examples</Filter>
    </ClCompile>
    <ClCompile Include="..\examples\dense\sym\dsymgshf.cc">
      <Filter>Source Files\Examples</Filter>
    </ClCompile>
    <ClCompile Include="..\examples\dense\sym\dsymgreg.cc">
      <Filter>Source Files\Examples</Filter>
    </ClCompile>
    <ClCompile Include="..\examples\dense\sym\dsymgcay.cc">
      <Filter>Source Files\Examples</Filter>
    </ClCompile>
    <ClCompile Include="..\examples\dense\sym\dsymgbkl.cc">
      <Filter>Source Files\Examples</Filter>
    </ClCompile>
    <ClCompile Include="..\examples\dense\nonsym\dsvd2.cc">
      <Filter>Source Files\Examples</Filter>
    </ClCompile>
    <ClCompile Include="..\examples\dense\nonsym\dsvd.cc">
      <Filter>Source Files\Examples</Filter>
    </ClCompile>
    <ClCompile Include="..\examples\dense\nonsym\dnsymshf.cc">
      <Filter>Source Files\Examples</Filter>
    </ClCompile>
    <ClCompile Include="..\examples\dense\nonsym\dnsymgsh.cc">
      <Filter>Source Files\Examples</Filter>
    </ClCompile>
    <ClCompile Include="..\examples\dense\complex\dcompshf.cc">
      <Filter>Source Files\Examples</Filter>
    </ClCompile>
    <ClCompile Include="..\examples\dense\complex\dcompreg.cc">
      <Filter>Source Files\Examples</Filter>
    </ClCompile>
    <ClCompile Include="..\examples\dense\complex\dcompgsh.cc">
      <Filter>Source Files\Examples</Filter>
    </ClCompile>
    <ClCompile Include="..\examples\dense\complex\dcompgre.cc">
      <Filter>Source Files\Examples</Filter>
    </ClCompile>
    <ClCompile Include="..\examples\product\complex\compshf.cc">
      <Filter>Source Files\Examples</Filter>
    </ClCompile>
    <ClCompile Include="..\examples\product\complex\compreg.cc">
      <Filter>Source Files\Examples</Filter>
    </ClCompile>
    <ClCompile Include="..\examples\product\complex\compgshf.cc">
      <Filter>Source Files\Examples</Filter>
    </ClCompile>
    <ClCompile Include="..\examples\product\complex\compgreg.cc">
      <Filter>Source Files\Examples</Filter>
    </ClCompile>
    <ClCompile Include="..\examples\band\sym\bsymshf.cc">
      <Filter>Source Files\Examples</Filter>
    </ClCompile>
    <ClCompile Include="..\examples\band\sym\bsymreg.cc">
      <Filter>Source Files\Examples</Filter>
    </ClCompile>
    <ClCompile Include="..\examples\band\sym\bsymgshf.cc">
      <Filter>Source Files\Examples</Filter>
    </ClCompile>
    <ClCompile Include="..\examples\band\sym\bsymgreg.cc">
      <Filter>Source Files\Examples</Filter>
    </ClCompile>
    <ClCompile Include="..\examples\band\sym\bsymgcay.cc">
      <Filter>Source Files\Examples</Filter>
    </ClCompile>
    <ClCompile Include="..\examples\band\sym\bsymgbkl.cc">
      <Filter>Source Files\Examples</Filter>
    </ClCompile>
    <ClCompile Include="..\examples\band\nonsym\bsvd.cc">
      <Filter>Source Files\Examples</Filter>
    </ClCompile>
    <ClCompile Include="..\examples\band\nonsym\bnsymshf.cc">
      <Filter>Source Files\Examples</Filter>
    </ClCompile>
    <ClCompile Include="..\examples\band\nonsym\bnsymreg.cc">
      <Filter>Source Files\Examples</Filter>
    </ClCompile>
    <ClCompile Include="..\examples\band\nonsym\bnsymgsh.cc">
      <Filter>Source Files\Examples</Filter>
    </ClCompile>
    <ClCompile Include="..\examples\band\nonsym\bnsymgsc.cc">
      <Filter>Source Files\Examples</Filter>
    </ClCompile>
    <ClCompile Include="..\examples\band\nonsym\bnsymgre.cc">
      <Filter>Source Files\Examples</Filter>
    </ClCompile>
    <ClCompile Include="..\examples\band\complex\bcompshf.cc">
      <Filter>Source Files\Examples</Filter>
    </ClCompile>
    <ClCompile Include="..\examples\band\complex\bcompreg.cc">
      <Filter>Source Files\Examples</Filter>
    </ClCompile>
    <ClCompile Include="..\examples\band\complex\bcompgsh.cc">
      <Filter>Source Files\Examples</Filter>
    </ClCompile>
    <ClCompile Include="..\examples\band\complex\bcompgre.cc">
      <Filter>Source Files\Examples</Filter>
    </ClCompile>
    <ClCompile Include="..\examples\areig\sym\asymshf.cc">
      <Filter>Source Files\Examples</Filter>
    </ClCompile>
    <ClCompile Include="..\examples\areig\sym\asymreg.cc">
      <Filter>Source Files\Examples</Filter>
    </ClCompile>
    <ClCompile Include="..\examples\areig\sym\asymgshf.cc">
      <Filter>Source Files\Examples</Filter>
    </ClCompile>
    <ClCompile Include="..\examples\areig\sym\asymgreg.cc">
      <Filter>Source Files\Examples</Filter>
    </ClCompile>
    <ClCompile Include="..\examples\areig\sym\asymgcay.cc">
      <Filter>Source Files\Examples</Filter>
    </ClCompile>
    <ClCompile Include="..\examples\areig\sym\asymgbkl.cc">
      <Filter>Source Files\Examples</Filter>
    </ClCompile>
    <ClCompile Include="..\examples\areig\nonsym\ansymshf.cc">
      <Filter>Source Files\Examples</Filter>
    </ClCompile>
    <ClCompile Include="..\examples\areig\nonsym\ansymreg.cc">
      <Filter>Source Files\Examples</Filter>
    </ClCompile>
    <ClCompile Include="..\examples\areig\nonsym\ansymgsh.cc">
      <Filter>Source Files\Examples</Filter>
    </ClCompile>
    <ClCompile Include="..\examples\areig\nonsym\ansymgsc.cc">
      <Filter>Source Files\Examples</Filter>
    </ClCompile>
    <ClCompile Include="..\examples\areig\nonsym\ansymgre.cc">
      <Filter>Source Files\Examples</Filter>
    </ClCompile>
    <ClCompile Include="..\examples\areig\complex\acompshf.cc">
      <Filter>Source Files\Examples</Filter>
    </ClCompile>
    <ClCompile Include="..\examples\areig\complex\acompreg.cc">
      <Filter>Source Files\Examples</Filter>
    </ClCompile>
    <ClCompile Include="..\examples\areig\complex\acompgsh.cc">
      <Filter>Source Files\Examples</Filter>
    </ClCompile>
    <ClCompile Include="..\examples\areig\complex\acompgre.cc">
      <Filter>Source Files\Examples</Filter>
    </ClCompile>
    <ClCompile Include="arpackcpp_defs.cpp">
      <Filter>Source Files</Filter>
    </ClCompile>
  </ItemGroup>
  <ItemGroup>
    <ClInclude Include="..\include\arbgcomp.h">
      <Filter>Header Files</Filter>
    </ClInclude>
    <ClInclude Include="..\include\arbgnsym.h">
      <Filter>Header Files</Filter>
    </ClInclude>
    <ClInclude Include="..\include\arbgsym.h">
      <Filter>Header Files</Filter>
    </ClInclude>
    <ClInclude Include="..\include\arbnsmat.h">
      <Filter>Header Files</Filter>
    </ClInclude>
    <ClInclude Include="..\include\arbnspen.h">
      <Filter>Header Files</Filter>
    </ClInclude>
    <ClInclude Include="..\include\arbscomp.h">
      <Filter>Header Files</Filter>
    </ClInclude>
    <ClInclude Include="..\include\arbsmat.h">
      <Filter>Header Files</Filter>
    </ClInclude>
    <ClInclude Include="..\include\arbsnsym.h">
      <Filter>Header Files</Filter>
    </ClInclude>
    <ClInclude Include="..\include\arbspen.h">
      <Filter>Header Files</Filter>
    </ClInclude>
    <ClInclude Include="..\include\arbssym.h">
      <Filter>Header Files</Filter>
    </ClInclude>
    <ClInclude Include="..\include\arch.h">
      <Filter>Header Files</Filter>
    </ClInclude>
    <ClInclude Include="..\include\arcomp.h">
      <Filter>Header Files</Filter>
    </ClInclude>
    <ClInclude Include="..\include\ardfmat.h">
      <Filter>Header Files</Filter>
    </ClInclude>
    <ClInclude Include="..\include\ardgcomp.h">
      <Filter>Header Files</Filter>
    </ClInclude>
    <ClInclude Include="..\include\ardgnsym.h">
      <Filter>Header Files</Filter>
    </ClInclude>
    <ClInclude Include="..\include\ardgsym.h">
      <Filter>Header Files</Filter>
    </ClInclude>
    <ClInclude Include="..\include\ardnsmat.h">
      <Filter>Header Files</Filter>
    </ClInclude>
    <ClInclude Include="..\include\ardnspen.h">
      <Filter>Header Files</Filter>
    </ClInclude>
    <ClInclude Include="..\include\ardscomp.h">
      <Filter>Header Files</Filter>
    </ClInclude>
    <ClInclude Include="..\include\ardsmat.h">
      <Filter>Header Files</Filter>
    </ClInclude>
    <ClInclude Include="..\include\ardsnsym.h">
      <Filter>Header Files</Filter>
    </ClInclude>
    <ClInclude Include="..\include\ardspen.h">
      <Filter>Header Files</Filter>
    </ClInclude>
    <ClInclude Include="..\include\ardssym.h">
      <Filter>Header Files</Filter>
    </ClInclude>
    <ClInclude Include="..\include\arerror.h">
      <Filter>Header Files</Filter>
    </ClInclude>
    <ClInclude Include="..\include\argcomp.h">
      <Filter>Header Files</Filter>
    </ClInclude>
    <ClInclude Include="..\include\argeig.h">
      <Filter>Header Files</Filter>
    </ClInclude>
    <ClInclude Include="..\include\argnsym.h">
      <Filter>Header Files</Filter>
    </ClInclude>
    <ClInclude Include="..\include\argsym.h">
      <Filter>Header Files</Filter>
    </ClInclude>
    <ClInclude Include="..\include\arhbmat.h">
      <Filter>Header Files</Filter>
    </ClInclude>
    <ClInclude Include="..\include\arlcomp.h">
      <Filter>Header Files</Filter>
    </ClInclude>
    <ClInclude Include="..\include\arlgcomp.h">
      <Filter>Header Files</Filter>
    </ClInclude>
    <ClInclude Include="..\include\arlgnsym.h">
      <Filter>Header Files</Filter>
    </ClInclude>
    <ClInclude Include="..\include\arlgsym.h">
      <Filter>Header Files</Filter>
    </ClInclude>
    <ClInclude Include="..\include\arlnames.h">
      <Filter>Header Files</Filter>
    </ClInclude>
    <ClInclude Include="..\include\arlnsmat.h">
      <Filter>Header Files</Filter>
    </ClInclude>
    <ClInclude Include="..\include\arlnspen.h">
      <Filter>Header Files</Filter>
    </ClInclude>
    <ClInclude Include="..\include\arlscomp.h">
      <Filter>Header Files</Filter>
    </ClInclude>
    <ClInclude Include="..\include\arlsmat.h">
      <Filter>Header Files</Filter>
    </ClInclude>
    <ClInclude Include="..\include\arlsnsym.h">
      <Filter>Header Files</Filter>
    </ClInclude>
    <ClInclude Include="..\include\arlspdef.h">
      <Filter>Header Files</Filter>
    </ClInclude>
    <ClInclude Include="..\include\arlspen.h">
      <Filter>Header Files</Filter>
    </ClInclude>
    <ClInclude Include="..\include\arlssym.h">
      <Filter>Header Files</Filter>
    </ClInclude>
    <ClInclude Include="..\include\arlsupm.h">
      <Filter>Header Files</Filter>
    </ClInclude>
    <ClInclude Include="..\include\arlutil.h">
      <Filter>Header Files</Filter>
    </ClInclude>
    <ClInclude Include="..\include\armat.h">
      <Filter>Header Files</Filter>
    </ClInclude>
    <ClInclude Include="..\include\arpackf.h">
      <Filter>Header Files</Filter>
    </ClInclude>
    <ClInclude Include="..\include\arrgcomp.h">
      <Filter>Header Files</Filter>
    </ClInclude>
    <ClInclude Include="..\include\arrgeig.h">
      <Filter>Header Files</Filter>
    </ClInclude>
    <ClInclude Include="..\include\arrgnsym.h">
      <Filter>Header Files</Filter>
    </ClInclude>
    <ClInclude Include="..\include\arrgsym.h">
      <Filter>Header Files</Filter>
    </ClInclude>
    <ClInclude Include="..\include\arrscomp.h">
      <Filter>Header Files</Filter>
    </ClInclude>
    <ClInclude Include="..\include\arrseig.h">
      <Filter>Header Files</Filter>
    </ClInclude>
    <ClInclude Include="..\include\arrsnsym.h">
      <Filter>Header Files</Filter>
    </ClInclude>
    <ClInclude Include="..\include\arrssym.h">
      <Filter>Header Files</Filter>
    </ClInclude>
    <ClInclude Include="..\include\arscomp.h">
      <Filter>Header Files</Filter>
    </ClInclude>
    <ClInclude Include="..\include\arseig.h">
      <Filter>Header Files</Filter>
    </ClInclude>
    <ClInclude Include="..\include\arsnsym.h">
      <Filter>Header Files</Filter>
    </ClInclude>
    <ClInclude Include="..\include\arssym.h">
      <Filter>Header Files</Filter>
    </ClInclude>
    <ClInclude Include="..\include\arugcomp.h">
      <Filter>Header Files</Filter>
    </ClInclude>
    <ClInclude Include="..\include\arugnsym.h">
      <Filter>Header Files</Filter>
    </ClInclude>
    <ClInclude Include="..\include\arugsym.h">
      <Filter>Header Files</Filter>
    </ClInclude>
    <ClInclude Include="..\include\arunsmat.h">
      <Filter>Header Files</Filter>
    </ClInclude>
    <ClInclude Include="..\include\arunspen.h">
      <Filter>Header Files</Filter>
    </ClInclude>
    <ClInclude Include="..\include\aruscomp.h">
      <Filter>Header Files</Filter>
    </ClInclude>
    <ClInclude Include="..\include\arusmat.h">
      <Filter>Header Files</Filter>
    </ClInclude>
    <ClInclude Include="..\include\arusnsym.h">
      <Filter>Header Files</Filter>
    </ClInclude>
    <ClInclude Include="..\include\aruspen.h">
      <Filter>Header Files</Filter>
    </ClInclude>
    <ClInclude Include="..\include\arussym.h">
      <Filter>Header Files</Filter>
    </ClInclude>
    <ClInclude Include="..\include\blas1c.h">
      <Filter>Header Files</Filter>
    </ClInclude>
    <ClInclude Include="..\include\blas1f.h">
      <Filter>Header Files</Filter>
    </ClInclude>
    <ClInclude Include="..\include\caupp.h">
      <Filter>Header Files</Filter>
    </ClInclude>
    <ClInclude Include="..\include\ceupp.h">
      <Filter>Header Files</Filter>
    </ClInclude>
    <ClInclude Include="..\include\debug.h">
      <Filter>Header Files</Filter>
    </ClInclude>
    <ClInclude Include="..\include\lapackc.h">
      <Filter>Header Files</Filter>
    </ClInclude>
    <ClInclude Include="..\include\lapackf.h">
      <Filter>Header Files</Filter>
    </ClInclude>
    <ClInclude Include="..\include\naupp.h">
      <Filter>Header Files</Filter>
    </ClInclude>
    <ClInclude Include="..\include\neupp.h">
      <Filter>Header Files</Filter>
    </ClInclude>
    <ClInclude Include="..\include\saupp.h">
      <Filter>Header Files</Filter>
    </ClInclude>
    <ClInclude Include="..\include\seupp.h">
      <Filter>Header Files</Filter>
    </ClInclude>
    <ClInclude Include="..\include\superluc.h">
      <Filter>Header Files</Filter>
    </ClInclude>
    <ClInclude Include="..\include\umfpackc.h">
      <Filter>Header Files</Filter>
    </ClInclude>
    <ClInclude Include="..\include\umfpackf.h">
      <Filter>Header Files</Filter>
    </ClInclude>
  </ItemGroup>
</Project>