<?xml version="1.0" encoding="utf-8"?>
<Project ToolsVersion="4.0" xmlns="http://schemas.microsoft.com/developer/msbuild/2003">
  <ItemGroup>
    <Filter Include="Source Files">
      <UniqueIdentifier>{4FC737F1-C7A5-4376-A066-2A32D752A2FF}</UniqueIdentifier>
      <Extensions>cpp;c;cc;cxx;def;odl;idl;hpj;bat;asm;asmx</Extensions>
    </Filter>
    <Filter Include="Header Files">
      <UniqueIdentifier>{93995380-89BD-4b04-88EB-625FBE52EBFB}</UniqueIdentifier>
      <Extensions>h;hpp;hxx;hm;inl;inc;xsd</Extensions>
    </Filter>
    <Filter Include="Resource Files">
      <UniqueIdentifier>{67DA6AB6-F800-4c08-8B7A-83BB121AAD01}</UniqueIdentifier>
      <Extensions>rc;ico;cur;bmp;dlg;rc2;rct;bin;rgs;gif;jpg;jpeg;jpe;resx;tiff;tif;png;wav;mfcribbon-ms</Extensions>
    </Filter>
  </ItemGroup>
  <ItemGroup>
    <ClCompile Include="..\SRC\await.c">
      <Filter>Source Files</Filter>
    </ClCompile>
    <ClCompile Include="..\SRC\cgscon.c">
      <Filter>Source Files</Filter>
    </ClCompile>
    <ClCompile Include="..\SRC\cgsequ.c">
      <Filter>Source Files</Filter>
    </ClCompile>
    <ClCompile Include="..\SRC\cgsrfs.c">
      <Filter>Source Files</Filter>
    </ClCompile>
    <ClCompile Include="..\SRC\cgstrs.c">
      <Filter>Source Files</Filter>
    </ClCompile>
    <ClCompile Include="..\SRC\clacon.c">
      <Filter>Source Files</Filter>
    </ClCompile>
    <ClCompile Include="..\SRC\clangs.c">
      <Filter>Source Files</Filter>
    </ClCompile>
    <ClCompile Include="..\SRC\claqgs.c">
      <Filter>Source Files</Filter>
    </ClCompile>
    <ClCompile Include="..\SRC\cmatgen.c">
      <Filter>Source Files</Filter>
    </ClCompile>
    <ClCompile Include="..\SRC\cmyblas2.c">
      <Filter>Source Files</Filter>
    </ClCompile>
    <ClCompile Include="..\SRC\colamd.c">
      <Filter>Source Files</Filter>
    </ClCompile>
    <ClCompile Include="..\SRC\cpivotgrowth.c">
      <Filter>Source Files</Filter>
    </ClCompile>
    <ClCompile Include="..\SRC\creadhb.c">
      <Filter>Source Files</Filter>
    </ClCompile>
    <ClCompile Include="..\SRC\creadmt.c">
      <Filter>Source Files</Filter>
    </ClCompile>
    <ClCompile Include="..\SRC\creadrb.c">
      <Filter>Source Files</Filter>
    </ClCompile>
    <ClCompile Include="..\SRC\csp_blas2.c">
      <Filter>Source Files</Filter>
    </ClCompile>
    <ClCompile Include="..\SRC\csp_blas3.c">
      <Filter>Source Files</Filter>
    </ClCompile>
    <ClCompile Include="..\SRC\dcomplex.c">
      <Filter>Source Files</Filter>
    </ClCompile>
    <ClCompile Include="..\SRC\dgscon.c">
      <Filter>Source Files</Filter>
    </ClCompile>
    <ClCompile Include="..\SRC\dgsequ.c">
      <Filter>Source Files</Filter>
    </ClCompile>
    <ClCompile Include="..\SRC\dgsrfs.c">
      <Filter>Source Files</Filter>
    </ClCompile>
    <ClCompile Include="..\SRC\dgstrs.c">
      <Filter>Source Files</Filter>
    </ClCompile>
    <ClCompile Include="..\SRC\dlacon.c">
      <Filter>Source Files</Filter>
    </ClCompile>
    <ClCompile Include="..\SRC\dlamch.c">
      <Filter>Source Files</Filter>
    </ClCompile>
    <ClCompile Include="..\SRC\dlangs.c">
      <Filter>Source Files</Filter>
    </ClCompile>
    <ClCompile Include="..\SRC\dlaqgs.c">
      <Filter>Source Files</Filter>
    </ClCompile>
    <ClCompile Include="..\SRC\dmatgen.c">
      <Filter>Source Files</Filter>
    </ClCompile>
    <ClCompile Include="..\SRC\dmyblas2.c">
      <Filter>Source Files</Filter>
    </ClCompile>
    <ClCompile Include="..\SRC\dpivotgrowth.c">
      <Filter>Source Files</Filter>
    </ClCompile>
    <ClCompile Include="..\SRC\dreadhb.c">
      <Filter>Source Files</Filter>
    </ClCompile>
    <ClCompile Include="..\SRC\dreadmt.c">
      <Filter>Source Files</Filter>
    </ClCompile>
    <ClCompile Include="..\SRC\dreadrb.c">
      <Filter>Source Files</Filter>
    </ClCompile>
    <ClCompile Include="..\SRC\dsp_blas2.c">
      <Filter>Source Files</Filter>
    </ClCompile>
    <ClCompile Include="..\SRC\dsp_blas3.c">
      <Filter>Source Files</Filter>
    </ClCompile>
    <ClCompile Include="..\SRC\dzsum1.c">
      <Filter>Source Files</Filter>
    </ClCompile>
    <ClCompile Include="..\SRC\get_perm_c.c">
      <Filter>Source Files</Filter>
    </ClCompile>
    <ClCompile Include="..\SRC\heap_relax_snode.c">
      <Filter>Source Files</Filter>
    </ClCompile>
    <ClCompile Include="..\SRC\icmax1.c">
      <Filter>Source Files</Filter>
    </ClCompile>
    <ClCompile Include="..\SRC\izmax1.c">
      <Filter>Source Files</Filter>
    </ClCompile>
    <ClCompile Include="..\SRC\lsame.c">
      <Filter>Source Files</Filter>
    </ClCompile>
    <ClCompile Include="..\SRC\memory_leak.c">
      <Filter>Source Files</Filter>
    </ClCompile>
    <ClCompile Include="..\SRC\mmd.c">
      <Filter>Source Files</Filter>
    </ClCompile>
    <ClCompile Include="..\SRC\pcgssv.c">
      <Filter>Source Files</Filter>
    </ClCompile>
    <ClCompile Include="..\SRC\pcgssvx.c">
      <Filter>Source Files</Filter>
    </ClCompile>
    <ClCompile Include="..\SRC\pcgstrf.c">
      <Filter>Source Files</Filter>
    </ClCompile>
    <ClCompile Include="..\SRC\pcgstrf_bmod1D.c">
      <Filter>Source Files</Filter>
    </ClCompile>
    <ClCompile Include="..\SRC\pcgstrf_bmod1D_mv2.c">
      <Filter>Source Files</Filter>
    </ClCompile>
    <ClCompile Include="..\SRC\pcgstrf_bmod2D.c">
      <Filter>Source Files</Filter>
    </ClCompile>
    <ClCompile Include="..\SRC\pcgstrf_bmod2D_mv2.c">
      <Filter>Source Files</Filter>
    </ClCompile>
    <ClCompile Include="..\SRC\pcgstrf_column_bmod.c">
      <Filter>Source Files</Filter>
    </ClCompile>
    <ClCompile Include="..\SRC\pcgstrf_column_dfs.c">
      <Filter>Source Files</Filter>
    </ClCompile>
    <ClCompile Include="..\SRC\pcgstrf_copy_to_ucol.c">
      <Filter>Source Files</Filter>
    </ClCompile>
    <ClCompile Include="..\SRC\pcgstrf_factor_snode.c">
      <Filter>Source Files</Filter>
    </ClCompile>
    <ClCompile Include="..\SRC\pcgstrf_init.c">
      <Filter>Source Files</Filter>
    </ClCompile>
    <ClCompile Include="..\SRC\pcgstrf_panel_bmod.c">
      <Filter>Source Files</Filter>
    </ClCompile>
    <ClCompile Include="..\SRC\pcgstrf_panel_dfs.c">
      <Filter>Source Files</Filter>
    </ClCompile>
    <ClCompile Include="..\SRC\pcgstrf_pivotL.c">
      <Filter>Source Files</Filter>
    </ClCompile>
    <ClCompile Include="..\SRC\pcgstrf_pruneL.c">
      <Filter>Source Files</Filter>
    </ClCompile>
    <ClCompile Include="..\SRC\pcgstrf_snode_bmod.c">
      <Filter>Source Files</Filter>
    </ClCompile>
    <ClCompile Include="..\SRC\pcgstrf_snode_dfs.c">
      <Filter>Source Files</Filter>
    </ClCompile>
    <ClCompile Include="..\SRC\pcgstrf_thread.c">
      <Filter>Source Files</Filter>
    </ClCompile>
    <ClCompile Include="..\SRC\pcgstrf_thread_finalize.c">
      <Filter>Source Files</Filter>
    </ClCompile>
    <ClCompile Include="..\SRC\pcgstrf_thread_init.c">
      <Filter>Source Files</Filter>
    </ClCompile>
    <ClCompile Include="..\SRC\pcmemory.c">
      <Filter>Source Files</Filter>
    </ClCompile>
    <ClCompile Include="..\SRC\pcutil.c">
      <Filter>Source Files</Filter>
    </ClCompile>
    <ClCompile Include="..\SRC\pdgssv.c">
      <Filter>Source Files</Filter>
    </ClCompile>
    <ClCompile Include="..\SRC\pdgssvx.c">
      <Filter>Source Files</Filter>
    </ClCompile>
    <ClCompile Include="..\SRC\pdgstrf.c">
      <Filter>Source Files</Filter>
    </ClCompile>
    <ClCompile Include="..\SRC\pdgstrf_bmod1D.c">
      <Filter>Source Files</Filter>
    </ClCompile>
    <ClCompile Include="..\SRC\pdgstrf_bmod1D_mv2.c">
      <Filter>Source Files</Filter>
    </ClCompile>
    <ClCompile Include="..\SRC\pdgstrf_bmod2D.c">
      <Filter>Source Files</Filter>
    </ClCompile>
    <ClCompile Include="..\SRC\pdgstrf_bmod2D_mv2.c">
      <Filter>Source Files</Filter>
    </ClCompile>
    <ClCompile Include="..\SRC\pdgstrf_column_bmod.c">
      <Filter>Source Files</Filter>
    </ClCompile>
    <ClCompile Include="..\SRC\pdgstrf_column_dfs.c">
      <Filter>Source Files</Filter>
    </ClCompile>
    <ClCompile Include="..\SRC\pdgstrf_copy_to_ucol.c">
      <Filter>Source Files</Filter>
    </ClCompile>
    <ClCompile Include="..\SRC\pdgstrf_factor_snode.c">
      <Filter>Source Files</Filter>
    </ClCompile>
    <ClCompile Include="..\SRC\pdgstrf_init.c">
      <Filter>Source Files</Filter>
    </ClCompile>
    <ClCompile Include="..\SRC\pdgstrf_panel_bmod.c">
      <Filter>Source Files</Filter>
    </ClCompile>
    <ClCompile Include="..\SRC\pdgstrf_panel_dfs.c">
      <Filter>Source Files</Filter>
    </ClCompile>
    <ClCompile Include="..\SRC\pdgstrf_pivotL.c">
      <Filter>Source Files</Filter>
    </ClCompile>
    <ClCompile Include="..\SRC\pdgstrf_pruneL.c">
      <Filter>Source Files</Filter>
    </ClCompile>
    <ClCompile Include="..\SRC\pdgstrf_snode_bmod.c">
      <Filter>Source Files</Filter>
    </ClCompile>
    <ClCompile Include="..\SRC\pdgstrf_snode_dfs.c">
      <Filter>Source Files</Filter>
    </ClCompile>
    <ClCompile Include="..\SRC\pdgstrf_thread.c">
      <Filter>Source Files</Filter>
    </ClCompile>
    <ClCompile Include="..\SRC\pdgstrf_thread_finalize.c">
      <Filter>Source Files</Filter>
    </ClCompile>
    <ClCompile Include="..\SRC\pdgstrf_thread_init.c">
      <Filter>Source Files</Filter>
    </ClCompile>
    <ClCompile Include="..\SRC\pdmemory.c">
      <Filter>Source Files</Filter>
    </ClCompile>
    <ClCompile Include="..\SRC\pdutil.c">
      <Filter>Source Files</Filter>
    </ClCompile>
    <ClCompile Include="..\SRC\pmemory.c">
      <Filter>Source Files</Filter>
    </ClCompile>
    <ClCompile Include="..\SRC\psgssv.c">
      <Filter>Source Files</Filter>
    </ClCompile>
    <ClCompile Include="..\SRC\psgssvx.c">
      <Filter>Source Files</Filter>
    </ClCompile>
    <ClCompile Include="..\SRC\psgstrf.c">
      <Filter>Source Files</Filter>
    </ClCompile>
    <ClCompile Include="..\SRC\psgstrf_bmod1D.c">
      <Filter>Source Files</Filter>
    </ClCompile>
    <ClCompile Include="..\SRC\psgstrf_bmod1D_mv2.c">
      <Filter>Source Files</Filter>
    </ClCompile>
    <ClCompile Include="..\SRC\psgstrf_bmod2D.c">
      <Filter>Source Files</Filter>
    </ClCompile>
    <ClCompile Include="..\SRC\psgstrf_bmod2D_mv2.c">
      <Filter>Source Files</Filter>
    </ClCompile>
    <ClCompile Include="..\SRC\psgstrf_column_bmod.c">
      <Filter>Source Files</Filter>
    </ClCompile>
    <ClCompile Include="..\SRC\psgstrf_column_dfs.c">
      <Filter>Source Files</Filter>
    </ClCompile>
    <ClCompile Include="..\SRC\psgstrf_copy_to_ucol.c">
      <Filter>Source Files</Filter>
    </ClCompile>
    <ClCompile Include="..\SRC\psgstrf_factor_snode.c">
      <Filter>Source Files</Filter>
    </ClCompile>
    <ClCompile Include="..\SRC\psgstrf_init.c">
      <Filter>Source Files</Filter>
    </ClCompile>
    <ClCompile Include="..\SRC\psgstrf_panel_bmod.c">
      <Filter>Source Files</Filter>
    </ClCompile>
    <ClCompile Include="..\SRC\psgstrf_panel_dfs.c">
      <Filter>Source Files</Filter>
    </ClCompile>
    <ClCompile Include="..\SRC\psgstrf_pivotL.c">
      <Filter>Source Files</Filter>
    </ClCompile>
    <ClCompile Include="..\SRC\psgstrf_pruneL.c">
      <Filter>Source Files</Filter>
    </ClCompile>
    <ClCompile Include="..\SRC\psgstrf_snode_bmod.c">
      <Filter>Source Files</Filter>
    </ClCompile>
    <ClCompile Include="..\SRC\psgstrf_snode_dfs.c">
      <Filter>Source Files</Filter>
    </ClCompile>
    <ClCompile Include="..\SRC\psgstrf_thread.c">
      <Filter>Source Files</Filter>
    </ClCompile>
    <ClCompile Include="..\SRC\psgstrf_thread_finalize.c">
      <Filter>Source Files</Filter>
    </ClCompile>
    <ClCompile Include="..\SRC\psgstrf_thread_init.c">
      <Filter>Source Files</Filter>
    </ClCompile>
    <ClCompile Include="..\SRC\psmemory.c">
      <Filter>Source Files</Filter>
    </ClCompile>
    <ClCompile Include="..\SRC\psutil.c">
      <Filter>Source Files</Filter>
    </ClCompile>
    <ClCompile Include="..\SRC\pxgstrf_finalize.c">
      <Filter>Source Files</Filter>
    </ClCompile>
    <ClCompile Include="..\SRC\pxgstrf_mark_busy_descends.c">
      <Filter>Source Files</Filter>
    </ClCompile>
    <ClCompile Include="..\SRC\pxgstrf_pruneL.c">
      <Filter>Source Files</Filter>
    </ClCompile>
    <ClCompile Include="..\SRC\pxgstrf_relax_snode.c">
      <Filter>Source Files</Filter>
    </ClCompile>
    <ClCompile Include="..\SRC\pxgstrf_scheduler.c">
      <Filter>Source Files</Filter>
    </ClCompile>
    <ClCompile Include="..\SRC\pxgstrf_super_bnd_dfs.c">
      <Filter>Source Files</Filter>
    </ClCompile>
    <ClCompile Include="..\SRC\pxgstrf_synch.c">
      <Filter>Source Files</Filter>
    </ClCompile>
    <ClCompile Include="..\SRC\pzgssv.c">
      <Filter>Source Files</Filter>
    </ClCompile>
    <ClCompile Include="..\SRC\pzgssvx.c">
      <Filter>Source Files</Filter>
    </ClCompile>
    <ClCompile Include="..\SRC\pzgstrf.c">
      <Filter>Source Files</Filter>
    </ClCompile>
    <ClCompile Include="..\SRC\pzgstrf_bmod1D.c">
      <Filter>Source Files</Filter>
    </ClCompile>
    <ClCompile Include="..\SRC\pzgstrf_bmod1D_mv2.c">
      <Filter>Source Files</Filter>
    </ClCompile>
    <ClCompile Include="..\SRC\pzgstrf_bmod2D.c">
      <Filter>Source Files</Filter>
    </ClCompile>
    <ClCompile Include="..\SRC\pzgstrf_bmod2D_mv2.c">
      <Filter>Source Files</Filter>
    </ClCompile>
    <ClCompile Include="..\SRC\pzgstrf_column_bmod.c">
      <Filter>Source Files</Filter>
    </ClCompile>
    <ClCompile Include="..\SRC\pzgstrf_column_dfs.c">
      <Filter>Source Files</Filter>
    </ClCompile>
    <ClCompile Include="..\SRC\pzgstrf_copy_to_ucol.c">
      <Filter>Source Files</Filter>
    </ClCompile>
    <ClCompile Include="..\SRC\pzgstrf_factor_snode.c">
      <Filter>Source Files</Filter>
    </ClCompile>
    <ClCompile Include="..\SRC\pzgstrf_init.c">
      <Filter>Source Files</Filter>
    </ClCompile>
    <ClCompile Include="..\SRC\pzgstrf_panel_bmod.c">
      <Filter>Source Files</Filter>
    </ClCompile>
    <ClCompile Include="..\SRC\pzgstrf_panel_dfs.c">
      <Filter>Source Files</Filter>
    </ClCompile>
    <ClCompile Include="..\SRC\pzgstrf_pivotL.c">
      <Filter>Source Files</Filter>
    </ClCompile>
    <ClCompile Include="..\SRC\pzgstrf_pruneL.c">
      <Filter>Source Files</Filter>
    </ClCompile>
    <ClCompile Include="..\SRC\pzgstrf_snode_bmod.c">
      <Filter>Source Files</Filter>
    </ClCompile>
    <ClCompile Include="..\SRC\pzgstrf_snode_dfs.c">
      <Filter>Source Files</Filter>
    </ClCompile>
    <ClCompile Include="..\SRC\pzgstrf_thread.c">
      <Filter>Source Files</Filter>
    </ClCompile>
    <ClCompile Include="..\SRC\pzgstrf_thread_finalize.c">
      <Filter>Source Files</Filter>
    </ClCompile>
    <ClCompile Include="..\SRC\pzgstrf_thread_init.c">
      <Filter>Source Files</Filter>
    </ClCompile>
    <ClCompile Include="..\SRC\pzmemory.c">
      <Filter>Source Files</Filter>
    </ClCompile>
    <ClCompile Include="..\SRC\pzutil.c">
      <Filter>Source Files</Filter>
    </ClCompile>
    <ClCompile Include="..\SRC\qrnzcnt.c">
      <Filter>Source Files</Filter>
    </ClCompile>
    <ClCompile Include="..\SRC\scomplex.c">
      <Filter>Source Files</Filter>
    </ClCompile>
    <ClCompile Include="..\SRC\scsum1.c">
      <Filter>Source Files</Filter>
    </ClCompile>
    <ClCompile Include="..\SRC\sgscon.c">
      <Filter>Source Files</Filter>
    </ClCompile>
    <ClCompile Include="..\SRC\sgsequ.c">
      <Filter>Source Files</Filter>
    </ClCompile>
    <ClCompile Include="..\SRC\sgsrfs.c">
      <Filter>Source Files</Filter>
    </ClCompile>
    <ClCompile Include="..\SRC\sgstrs.c">
      <Filter>Source Files</Filter>
    </ClCompile>
    <ClCompile Include="..\SRC\slacon.c">
      <Filter>Source Files</Filter>
    </ClCompile>
    <ClCompile Include="..\SRC\slamch.c">
      <Filter>Source Files</Filter>
    </ClCompile>
    <ClCompile Include="..\SRC\slangs.c">
      <Filter>Source Files</Filter>
    </ClCompile>
    <ClCompile Include="..\SRC\slaqgs.c">
      <Filter>Source Files</Filter>
    </ClCompile>
    <ClCompile Include="..\SRC\smatgen.c">
      <Filter>Source Files</Filter>
    </ClCompile>
    <ClCompile Include="..\SRC\smyblas2.c">
      <Filter>Source Files</Filter>
    </ClCompile>
    <ClCompile Include="..\SRC\sp_coletree.c">
      <Filter>Source Files</Filter>
    </ClCompile>
    <ClCompile Include="..\SRC\sp_colorder.c">
      <Filter>Source Files</Filter>
    </ClCompile>
    <ClCompile Include="..\SRC\sp_ienv.c">
      <Filter>Source Files</Filter>
    </ClCompile>
    <ClCompile Include="..\SRC\spivotgrowth.c">
      <Filter>Source Files</Filter>
    </ClCompile>
    <ClCompile Include="..\SRC\sreadhb.c">
      <Filter>Source Files</Filter>
    </ClCompile>
    <ClCompile Include="..\SRC\sreadmt.c">
      <Filter>Source Files</Filter>
    </ClCompile>
    <ClCompile Include="..\SRC\sreadrb.c">
      <Filter>Source Files</Filter>
    </ClCompile>
    <ClCompile Include="..\SRC\ssp_blas2.c">
      <Filter>Source Files</Filter>
    </ClCompile>
    <ClCompile Include="..\SRC\ssp_blas3.c">
      <Filter>Source Files</Filter>
    </ClCompile>
    <ClCompile Include="..\SRC\superlu_timer.c">
      <Filter>Source Files</Filter>
    </ClCompile>
    <ClCompile Include="..\SRC\util.c">
      <Filter>Source Files</Filter>
    </ClCompile>
    <ClCompile Include="..\SRC\xerbla.c">
      <Filter>Source Files</Filter>
    </ClCompile>
    <ClCompile Include="..\SRC\zgscon.c">
      <Filter>Source Files</Filter>
    </ClCompile>
    <ClCompile Include="..\SRC\zgsequ.c">
      <Filter>Source Files</Filter>
    </ClCompile>
    <ClCompile Include="..\SRC\zgsrfs.c">
      <Filter>Source Files</Filter>
    </ClCompile>
    <ClCompile Include="..\SRC\zgstrs.c">
      <Filter>Source Files</Filter>
    </ClCompile>
    <ClCompile Include="..\SRC\zlacon.c">
      <Filter>Source Files</Filter>
    </ClCompile>
    <ClCompile Include="..\SRC\zlangs.c">
      <Filter>Source Files</Filter>
    </ClCompile>
    <ClCompile Include="..\SRC\zlaqgs.c">
      <Filter>Source Files</Filter>
    </ClCompile>
    <ClCompile Include="..\SRC\zmatgen.c">
      <Filter>Source Files</Filter>
    </ClCompile>
    <ClCompile Include="..\SRC\zmyblas2.c">
      <Filter>Source Files</Filter>
    </ClCompile>
    <ClCompile Include="..\SRC\zpivotgrowth.c">
      <Filter>Source Files</Filter>
    </ClCompile>
    <ClCompile Include="..\SRC\zreadhb.c">
      <Filter>Source Files</Filter>
    </ClCompile>
    <ClCompile Include="..\SRC\zreadmt.c">
      <Filter>Source Files</Filter>
    </ClCompile>
    <ClCompile Include="..\SRC\zreadrb.c">
      <Filter>Source Files</Filter>
    </ClCompile>
    <ClCompile Include="..\SRC\zsp_blas2.c">
      <Filter>Source Files</Filter>
    </ClCompile>
    <ClCompile Include="..\SRC\zsp_blas3.c">
      <Filter>Source Files</Filter>
    </ClCompile>
    <ClCompile Include="..\SRC\getopt.c">
      <Filter>Source Files</Filter>
    </ClCompile>
  </ItemGroup>
  <ItemGroup>
    <ClInclude Include="..\SRC\colamd.h">
      <Filter>Source Files</Filter>
    </ClInclude>
    <ClInclude Include="..\SRC\pcsp_defs.h">
      <Filter>Source Files</Filter>
    </ClInclude>
    <ClInclude Include="..\SRC\pdsp_defs.h">
      <Filter>Source Files</Filter>
    </ClInclude>
    <ClInclude Include="..\SRC\pssp_defs.h">
      <Filter>Source Files</Filter>
    </ClInclude>
    <ClInclude Include="..\SRC\pxgstrf_synch.h">
      <Filter>Source Files</Filter>
    </ClInclude>
    <ClInclude Include="..\SRC\pzsp_defs.h">
      <Filter>Source Files</Filter>
    </ClInclude>
    <ClInclude Include="..\SRC\slu_dcomplex.h">
      <Filter>Source Files</Filter>
    </ClInclude>
    <ClInclude Include="..\SRC\slu_mt_Cnames.h">
      <Filter>Source Files</Filter>
    </ClInclude>
    <ClInclude Include="..\SRC\slu_mt_machines.h">
      <Filter>Source Files</Filter>
    </ClInclude>
    <ClInclude Include="..\SRC\slu_mt_util.h">
      <Filter>Source Files</Filter>
    </ClInclude>
    <ClInclude Include="..\SRC\slu_scomplex.h">
      <Filter>Source Files</Filter>
    </ClInclude>
    <ClInclude Include="..\SRC\supermatrix.h">
      <Filter>Source Files</Filter>
    </ClInclude>
    <ClInclude Include="..\SRC\unistd.h">
      <Filter>Source Files</Filter>
    </ClInclude>
    <ClInclude Include="..\SRC\getopt.h">
      <Filter>Source Files</Filter>
    </ClInclude>
    <ClInclude Include="..\SRC\tailor.h">
      <Filter>Header Files</Filter>
    </ClInclude>
    <ClInclude Include="..\SRC\types.h">
      <Filter>Source Files</Filter>
    </ClInclude>
  </ItemGroup>
</Project>